// !$*UTF8*$!
{
	archiveVersion = 1;
	classes = {
	};
	objectVersion = 45;
	objects = {

/* Begin PBXBuildFile section */
		003616E5129D59A600EC0EDD /* PrimitiveBatch.h in Headers */ = {isa = PBXBuildFile; fileRef = 003616E3129D59A600EC0EDD /* PrimitiveBatch.h */; settings = {ATTRIBUTES = (Public, ); }; };
		003616E6129D59A600EC0EDD /* PrimitiveBatch.m in Sources */ = {isa = PBXBuildFile; fileRef = 003616E4129D59A600EC0EDD /* PrimitiveBatch.m */; };
		AA747D9F0F9514B9006C5449 /* GameCore_Prefix.pch in Headers */ = {isa = PBXBuildFile; fileRef = AA747D9E0F9514B9006C5449 /* GameCore_Prefix.pch */; };
		AACBBE4A0F95108600F1A2B1 /* Foundation.framework in Frameworks */ = {isa = PBXBuildFile; fileRef = AACBBE490F95108600F1A2B1 /* Foundation.framework */; };
		C6B7D37A12941ACD009A1B4E /* AnimatedSprite.h in Headers */ = {isa = PBXBuildFile; fileRef = C6B7D37812941ACD009A1B4E /* AnimatedSprite.h */; };
		C6B7D37B12941ACD009A1B4E /* AnimatedSprite.m in Sources */ = {isa = PBXBuildFile; fileRef = C6B7D37912941ACD009A1B4E /* AnimatedSprite.m */; };
		C6B7D38312941B1F009A1B4E /* AnimatedSpriteFrame.h in Headers */ = {isa = PBXBuildFile; fileRef = C6B7D38112941B1F009A1B4E /* AnimatedSpriteFrame.h */; };
		C6B7D38412941B1F009A1B4E /* AnimatedSpriteFrame.m in Sources */ = {isa = PBXBuildFile; fileRef = C6B7D38212941B1F009A1B4E /* AnimatedSpriteFrame.m */; };
		C6B7D39612941BE2009A1B4E /* ParticleAARectangleCollision.h in Headers */ = {isa = PBXBuildFile; fileRef = C6B7D39412941BE2009A1B4E /* ParticleAARectangleCollision.h */; };
		C6B7D39712941BE2009A1B4E /* ParticleAARectangleCollision.m in Sources */ = {isa = PBXBuildFile; fileRef = C6B7D39512941BE2009A1B4E /* ParticleAARectangleCollision.m */; };
		C6B7D3A012941CAE009A1B4E /* IRectangleSize.h in Headers */ = {isa = PBXBuildFile; fileRef = C6B7D39E12941CAE009A1B4E /* IRectangleSize.h */; };
		C6B7D3AD12941D9C009A1B4E /* IRectangleCollider.h in Headers */ = {isa = PBXBuildFile; fileRef = C6B7D3AB12941D9C009A1B4E /* IRectangleCollider.h */; };
		C6B7D3B212941DC9009A1B4E /* ICustomCollider.h in Headers */ = {isa = PBXBuildFile; fileRef = C6B7D3B012941DC9009A1B4E /* ICustomCollider.h */; };
		C6B7D3BE12941EB5009A1B4E /* IRotation.h in Headers */ = {isa = PBXBuildFile; fileRef = C6B7D3BC12941EB5009A1B4E /* IRotation.h */; };
		C6B7D3C512941EEF009A1B4E /* IAngularVelocity.h in Headers */ = {isa = PBXBuildFile; fileRef = C6B7D3C312941EEF009A1B4E /* IAngularVelocity.h */; };
		C6B7D3CA12941F15009A1B4E /* IRotatable.h in Headers */ = {isa = PBXBuildFile; fileRef = C6B7D3C812941F15009A1B4E /* IRotatable.h */; };
		DA1AAB48127F51BD006E769D /* Scene.h in Headers */ = {isa = PBXBuildFile; fileRef = DA1AAB46127F51BD006E769D /* Scene.h */; };
		DA1AAB49127F51BD006E769D /* Scene.m in Sources */ = {isa = PBXBuildFile; fileRef = DA1AAB47127F51BD006E769D /* Scene.m */; };
		DA1AAB4D127F522C006E769D /* IScene.h in Headers */ = {isa = PBXBuildFile; fileRef = DA1AAB4B127F522C006E769D /* IScene.h */; };
		DA1AAB51127F52DE006E769D /* GameCore.Scene.h in Headers */ = {isa = PBXBuildFile; fileRef = DA1AAB4F127F52DE006E769D /* GameCore.Scene.h */; };
		DA1AAB55127F52F5006E769D /* GameCore.Scene.classes.h in Headers */ = {isa = PBXBuildFile; fileRef = DA1AAB53127F52F5006E769D /* GameCore.Scene.classes.h */; };
		DA1AAB75127F5BAD006E769D /* GameCore.Physics.h in Headers */ = {isa = PBXBuildFile; fileRef = DA1AAB73127F5BAD006E769D /* GameCore.Physics.h */; };
		DA1AAB79127F5BF8006E769D /* MovementPhysics.h in Headers */ = {isa = PBXBuildFile; fileRef = DA1AAB77127F5BF8006E769D /* MovementPhysics.h */; };
		DA1AAB7A127F5BF8006E769D /* MovementPhysics.m in Sources */ = {isa = PBXBuildFile; fileRef = DA1AAB78127F5BF8006E769D /* MovementPhysics.m */; };
		DA1AAB7E127F5C5F006E769D /* ParticleParticleCollision.h in Headers */ = {isa = PBXBuildFile; fileRef = DA1AAB7C127F5C5F006E769D /* ParticleParticleCollision.h */; };
		DA1AAB7F127F5C5F006E769D /* ParticleParticleCollision.m in Sources */ = {isa = PBXBuildFile; fileRef = DA1AAB7D127F5C5F006E769D /* ParticleParticleCollision.m */; };
		DA1AAB8A127F5DC2006E769D /* GameCore.Scene.Objects.classes.h in Headers */ = {isa = PBXBuildFile; fileRef = DA1AAB88127F5DC2006E769D /* GameCore.Scene.Objects.classes.h */; };
		DA1AAB8E127F5DD0006E769D /* GameCore.Scene.Objects.h in Headers */ = {isa = PBXBuildFile; fileRef = DA1AAB8C127F5DD0006E769D /* GameCore.Scene.Objects.h */; };
		DA1AAB92127F5E47006E769D /* IPosition.h in Headers */ = {isa = PBXBuildFile; fileRef = DA1AAB90127F5E47006E769D /* IPosition.h */; };
		DA1AAB96127F5E65006E769D /* IVelocity.h in Headers */ = {isa = PBXBuildFile; fileRef = DA1AAB94127F5E65006E769D /* IVelocity.h */; };
		DA1AAB9A127F5E74006E769D /* IMovable.h in Headers */ = {isa = PBXBuildFile; fileRef = DA1AAB98127F5E74006E769D /* IMovable.h */; };
		DA1AAB9E127F5E83006E769D /* ILifetime.h in Headers */ = {isa = PBXBuildFile; fileRef = DA1AAB9C127F5E83006E769D /* ILifetime.h */; };
		DA1AABA2127F5E96006E769D /* Lifetime.h in Headers */ = {isa = PBXBuildFile; fileRef = DA1AABA0127F5E96006E769D /* Lifetime.h */; };
		DA1AABA3127F5E96006E769D /* Lifetime.m in Sources */ = {isa = PBXBuildFile; fileRef = DA1AABA1127F5E96006E769D /* Lifetime.m */; };
		DA1AABA6127F5EA2006E769D /* IMass.h in Headers */ = {isa = PBXBuildFile; fileRef = DA1AABA4127F5EA2006E769D /* IMass.h */; };
		DA1AABAA127F5EB3006E769D /* IRadius.h in Headers */ = {isa = PBXBuildFile; fileRef = DA1AABA8127F5EB3006E769D /* IRadius.h */; };
		DA1AABB0127F5EEB006E769D /* IParticle.h in Headers */ = {isa = PBXBuildFile; fileRef = DA1AABAE127F5EEB006E769D /* IParticle.h */; };
		DA1AABB4127F5EFD006E769D /* IConvexCollider.h in Headers */ = {isa = PBXBuildFile; fileRef = DA1AABB2127F5EFD006E769D /* IConvexCollider.h */; };
		DA1AABB8127F5F16006E769D /* IHalfPlaneCollider.h in Headers */ = {isa = PBXBuildFile; fileRef = DA1AABB6127F5F16006E769D /* IHalfPlaneCollider.h */; };
		DA1AABBC127F5F39006E769D /* ICoefficientOfRestitution.h in Headers */ = {isa = PBXBuildFile; fileRef = DA1AABBA127F5F39006E769D /* ICoefficientOfRestitution.h */; };
		DA6AB663127F3A2900FC4684 /* Sprite.h in Headers */ = {isa = PBXBuildFile; fileRef = DA6AB661127F3A2900FC4684 /* Sprite.h */; settings = {ATTRIBUTES = (Public, ); }; };
		DA6AB664127F3A2900FC4684 /* Sprite.m in Sources */ = {isa = PBXBuildFile; fileRef = DA6AB662127F3A2900FC4684 /* Sprite.m */; };
		DA6AB66C127F3A4D00FC4684 /* GameCore.Graphics.classes.h in Headers */ = {isa = PBXBuildFile; fileRef = DA6AB66A127F3A4D00FC4684 /* GameCore.Graphics.classes.h */; settings = {ATTRIBUTES = (Public, ); }; };
		DA6AB66D127F3A4D00FC4684 /* GameCore.Graphics.h in Headers */ = {isa = PBXBuildFile; fileRef = DA6AB66B127F3A4D00FC4684 /* GameCore.Graphics.h */; settings = {ATTRIBUTES = (Public, ); }; };
		DA82C57A128A012D00026869 /* Rectangle+Extensions.h in Headers */ = {isa = PBXBuildFile; fileRef = DA82C578128A012D00026869 /* Rectangle+Extensions.h */; };
		DA82C57B128A012D00026869 /* Rectangle+Extensions.m in Sources */ = {isa = PBXBuildFile; fileRef = DA82C579128A012D00026869 /* Rectangle+Extensions.m */; };
		DA82C57F128A017600026869 /* Random.h in Headers */ = {isa = PBXBuildFile; fileRef = DA82C57D128A017600026869 /* Random.h */; };
		DA82C580128A017600026869 /* Random.m in Sources */ = {isa = PBXBuildFile; fileRef = DA82C57E128A017600026869 /* Random.m */; };
		DA82C614128A0B7400026869 /* Everywhere.h in Headers */ = {isa = PBXBuildFile; fileRef = DA82C612128A0B7400026869 /* Everywhere.h */; };
		DA86DE0A12A2B53400CB2CCE /* SceneAction.h in Headers */ = {isa = PBXBuildFile; fileRef = DA86DE0812A2B53400CB2CCE /* SceneAction.h */; };
		DA86DE0B12A2B53400CB2CCE /* SceneAction.m in Sources */ = {isa = PBXBuildFile; fileRef = DA86DE0912A2B53400CB2CCE /* SceneAction.m */; };
		DA86DE0E12A2B5D100CB2CCE /* SceneEventArgs.h in Headers */ = {isa = PBXBuildFile; fileRef = DA86DE0C12A2B5D100CB2CCE /* SceneEventArgs.h */; };
		DA86DE0F12A2B5D100CB2CCE /* SceneEventArgs.m in Sources */ = {isa = PBXBuildFile; fileRef = DA86DE0D12A2B5D100CB2CCE /* SceneEventArgs.m */; };
		DA86DE1412A2B6AC00CB2CCE /* ISceneUser.h in Headers */ = {isa = PBXBuildFile; fileRef = DA86DE1212A2B6AC00CB2CCE /* ISceneUser.h */; };
		DA86DE1812A2B6E800CB2CCE /* ICustomUpdate.h in Headers */ = {isa = PBXBuildFile; fileRef = DA86DE1612A2B6E800CB2CCE /* ICustomUpdate.h */; };
		DA86DE1C12A2B83900CB2CCE /* ICollisionAlgorithm.h in Headers */ = {isa = PBXBuildFile; fileRef = DA86DE1A12A2B83900CB2CCE /* ICollisionAlgorithm.h */; };
		DA86DE2012A2B88E00CB2CCE /* CollisionAlgorithm.h in Headers */ = {isa = PBXBuildFile; fileRef = DA86DE1E12A2B88E00CB2CCE /* CollisionAlgorithm.h */; };
		DA86DE2112A2B88E00CB2CCE /* CollisionAlgorithm.m in Sources */ = {isa = PBXBuildFile; fileRef = DA86DE1F12A2B88E00CB2CCE /* CollisionAlgorithm.m */; };
		DA86DE2412A2B90500CB2CCE /* AARectangleAAHalfPlaneCollision.h in Headers */ = {isa = PBXBuildFile; fileRef = DA86DE2212A2B90500CB2CCE /* AARectangleAAHalfPlaneCollision.h */; };
		DA86DE2512A2B90500CB2CCE /* AARectangleAAHalfPlaneCollision.m in Sources */ = {isa = PBXBuildFile; fileRef = DA86DE2312A2B90500CB2CCE /* AARectangleAAHalfPlaneCollision.m */; };
		DA86DE2812A2B95C00CB2CCE /* AARectangleAARectangleCollision.h in Headers */ = {isa = PBXBuildFile; fileRef = DA86DE2612A2B95C00CB2CCE /* AARectangleAARectangleCollision.h */; };
		DA86DE2912A2B95C00CB2CCE /* AARectangleAARectangleCollision.m in Sources */ = {isa = PBXBuildFile; fileRef = DA86DE2712A2B95C00CB2CCE /* AARectangleAARectangleCollision.m */; };
		DA86DE7F12A2BE4500CB2CCE /* IAAHalfPlaneCollider.h in Headers */ = {isa = PBXBuildFile; fileRef = DA86DE7D12A2BE4500CB2CCE /* IAAHalfPlaneCollider.h */; };
		DA86DE8312A2BE7E00CB2CCE /* IAARectangleCollider.h in Headers */ = {isa = PBXBuildFile; fileRef = DA86DE8112A2BE7E00CB2CCE /* IAARectangleCollider.h */; };
		DA9AA1F1128F29360096CFC5 /* AALimit.h in Headers */ = {isa = PBXBuildFile; fileRef = DA9AA1EF128F29360096CFC5 /* AALimit.h */; };
		DA9AA1F2128F29360096CFC5 /* AALimit.m in Sources */ = {isa = PBXBuildFile; fileRef = DA9AA1F0128F29360096CFC5 /* AALimit.m */; };
		DA9AA208128F2AA80096CFC5 /* GameCore.Math.h in Headers */ = {isa = PBXBuildFile; fileRef = DA9AA206128F2AA80096CFC5 /* GameCore.Math.h */; };
		DA9AA20C128F2ABD0096CFC5 /* GameCore.Math.classes.h in Headers */ = {isa = PBXBuildFile; fileRef = DA9AA20A128F2ABD0096CFC5 /* GameCore.Math.classes.h */; };
		DA9AA212128F2AFF0096CFC5 /* MathEnum.h in Headers */ = {isa = PBXBuildFile; fileRef = DA9AA210128F2AFF0096CFC5 /* MathEnum.h */; };
		DA9AA216128F2B250096CFC5 /* HalfPlane.h in Headers */ = {isa = PBXBuildFile; fileRef = DA9AA214128F2B250096CFC5 /* HalfPlane.h */; };
		DA9AA217128F2B250096CFC5 /* HalfPlane.m in Sources */ = {isa = PBXBuildFile; fileRef = DA9AA215128F2B250096CFC5 /* HalfPlane.m */; };
		DA9AA21A128F2B6E0096CFC5 /* AAHalfPlane.h in Headers */ = {isa = PBXBuildFile; fileRef = DA9AA218128F2B6E0096CFC5 /* AAHalfPlane.h */; };
		DA9AA21B128F2B6E0096CFC5 /* AAHalfPlane.m in Sources */ = {isa = PBXBuildFile; fileRef = DA9AA219128F2B6E0096CFC5 /* AAHalfPlane.m */; };
		DA9AA21E128F2B920096CFC5 /* Polygon.h in Headers */ = {isa = PBXBuildFile; fileRef = DA9AA21C128F2B920096CFC5 /* Polygon.h */; };
		DA9AA21F128F2B920096CFC5 /* Polygon.m in Sources */ = {isa = PBXBuildFile; fileRef = DA9AA21D128F2B920096CFC5 /* Polygon.m */; };
		DA9AA222128F2BB80096CFC5 /* ConvexPolygon.h in Headers */ = {isa = PBXBuildFile; fileRef = DA9AA220128F2BB80096CFC5 /* ConvexPolygon.h */; };
		DA9AA223128F2BB80096CFC5 /* ConvexPolygon.m in Sources */ = {isa = PBXBuildFile; fileRef = DA9AA221128F2BB80096CFC5 /* ConvexPolygon.m */; };
		DA9AA29E128F2E6B0096CFC5 /* Collision.h in Headers */ = {isa = PBXBuildFile; fileRef = DA9AA29C128F2E6B0096CFC5 /* Collision.h */; };
		DA9AA29F128F2E6B0096CFC5 /* Collision.m in Sources */ = {isa = PBXBuildFile; fileRef = DA9AA29D128F2E6B0096CFC5 /* Collision.m */; };
		DA9AA2A8128F2EED0096CFC5 /* ParticleConvexCollision.h in Headers */ = {isa = PBXBuildFile; fileRef = DA9AA2A6128F2EED0096CFC5 /* ParticleConvexCollision.h */; };
		DA9AA2A9128F2EED0096CFC5 /* ParticleConvexCollision.m in Sources */ = {isa = PBXBuildFile; fileRef = DA9AA2A7128F2EED0096CFC5 /* ParticleConvexCollision.m */; };
		DA9AA2AD128F2F150096CFC5 /* ParticleAAHalfPlaneCollision.h in Headers */ = {isa = PBXBuildFile; fileRef = DA9AA2AB128F2F150096CFC5 /* ParticleAAHalfPlaneCollision.h */; };
		DA9AA2AE128F2F150096CFC5 /* ParticleAAHalfPlaneCollision.m in Sources */ = {isa = PBXBuildFile; fileRef = DA9AA2AC128F2F150096CFC5 /* ParticleAAHalfPlaneCollision.m */; };
/* End PBXBuildFile section */

/* Begin PBXFileReference section */
		003616E3129D59A600EC0EDD /* PrimitiveBatch.h */ = {isa = PBXFileReference; fileEncoding = 4; lastKnownFileType = sourcecode.c.h; path = PrimitiveBatch.h; sourceTree = "<group>"; };
		003616E4129D59A600EC0EDD /* PrimitiveBatch.m */ = {isa = PBXFileReference; fileEncoding = 4; lastKnownFileType = sourcecode.c.objc; path = PrimitiveBatch.m; sourceTree = "<group>"; };
		AA747D9E0F9514B9006C5449 /* GameCore_Prefix.pch */ = {isa = PBXFileReference; fileEncoding = 4; lastKnownFileType = sourcecode.c.h; path = GameCore_Prefix.pch; sourceTree = SOURCE_ROOT; };
		AACBBE490F95108600F1A2B1 /* Foundation.framework */ = {isa = PBXFileReference; lastKnownFileType = wrapper.framework; name = Foundation.framework; path = System/Library/Frameworks/Foundation.framework; sourceTree = SDKROOT; };
		C6B7D37812941ACD009A1B4E /* AnimatedSprite.h */ = {isa = PBXFileReference; fileEncoding = 4; lastKnownFileType = sourcecode.c.h; path = AnimatedSprite.h; sourceTree = "<group>"; };
		C6B7D37912941ACD009A1B4E /* AnimatedSprite.m */ = {isa = PBXFileReference; fileEncoding = 4; lastKnownFileType = sourcecode.c.objc; path = AnimatedSprite.m; sourceTree = "<group>"; };
		C6B7D38112941B1F009A1B4E /* AnimatedSpriteFrame.h */ = {isa = PBXFileReference; fileEncoding = 4; lastKnownFileType = sourcecode.c.h; path = AnimatedSpriteFrame.h; sourceTree = "<group>"; };
		C6B7D38212941B1F009A1B4E /* AnimatedSpriteFrame.m */ = {isa = PBXFileReference; fileEncoding = 4; lastKnownFileType = sourcecode.c.objc; path = AnimatedSpriteFrame.m; sourceTree = "<group>"; };
		C6B7D39412941BE2009A1B4E /* ParticleAARectangleCollision.h */ = {isa = PBXFileReference; fileEncoding = 4; lastKnownFileType = sourcecode.c.h; path = ParticleAARectangleCollision.h; sourceTree = "<group>"; };
		C6B7D39512941BE2009A1B4E /* ParticleAARectangleCollision.m */ = {isa = PBXFileReference; fileEncoding = 4; lastKnownFileType = sourcecode.c.objc; path = ParticleAARectangleCollision.m; sourceTree = "<group>"; };
		C6B7D39E12941CAE009A1B4E /* IRectangleSize.h */ = {isa = PBXFileReference; fileEncoding = 4; lastKnownFileType = sourcecode.c.h; path = IRectangleSize.h; sourceTree = "<group>"; };
		C6B7D3AB12941D9C009A1B4E /* IRectangleCollider.h */ = {isa = PBXFileReference; fileEncoding = 4; lastKnownFileType = sourcecode.c.h; path = IRectangleCollider.h; sourceTree = "<group>"; };
		C6B7D3B012941DC9009A1B4E /* ICustomCollider.h */ = {isa = PBXFileReference; fileEncoding = 4; lastKnownFileType = sourcecode.c.h; path = ICustomCollider.h; sourceTree = "<group>"; };
		C6B7D3BC12941EB5009A1B4E /* IRotation.h */ = {isa = PBXFileReference; fileEncoding = 4; lastKnownFileType = sourcecode.c.h; path = IRotation.h; sourceTree = "<group>"; };
		C6B7D3C312941EEF009A1B4E /* IAngularVelocity.h */ = {isa = PBXFileReference; fileEncoding = 4; lastKnownFileType = sourcecode.c.h; path = IAngularVelocity.h; sourceTree = "<group>"; };
		C6B7D3C812941F15009A1B4E /* IRotatable.h */ = {isa = PBXFileReference; fileEncoding = 4; lastKnownFileType = sourcecode.c.h; path = IRotatable.h; sourceTree = "<group>"; };
		D2AAC07E0554694100DB518D /* libGameCore.a */ = {isa = PBXFileReference; explicitFileType = archive.ar; includeInIndex = 0; path = libGameCore.a; sourceTree = BUILT_PRODUCTS_DIR; };
		DA1AAB46127F51BD006E769D /* Scene.h */ = {isa = PBXFileReference; fileEncoding = 4; lastKnownFileType = sourcecode.c.h; path = Scene.h; sourceTree = "<group>"; };
		DA1AAB47127F51BD006E769D /* Scene.m */ = {isa = PBXFileReference; fileEncoding = 4; lastKnownFileType = sourcecode.c.objc; path = Scene.m; sourceTree = "<group>"; };
		DA1AAB4B127F522C006E769D /* IScene.h */ = {isa = PBXFileReference; fileEncoding = 4; lastKnownFileType = sourcecode.c.h; path = IScene.h; sourceTree = "<group>"; };
		DA1AAB4F127F52DE006E769D /* GameCore.Scene.h */ = {isa = PBXFileReference; fileEncoding = 4; lastKnownFileType = sourcecode.c.h; path = GameCore.Scene.h; sourceTree = "<group>"; };
		DA1AAB53127F52F5006E769D /* GameCore.Scene.classes.h */ = {isa = PBXFileReference; fileEncoding = 4; lastKnownFileType = sourcecode.c.h; path = GameCore.Scene.classes.h; sourceTree = "<group>"; };
		DA1AAB71127F5B90006E769D /* GameCore.Physics.classes.h */ = {isa = PBXFileReference; fileEncoding = 4; lastKnownFileType = sourcecode.c.h; path = GameCore.Physics.classes.h; sourceTree = "<group>"; };
		DA1AAB73127F5BAD006E769D /* GameCore.Physics.h */ = {isa = PBXFileReference; fileEncoding = 4; lastKnownFileType = sourcecode.c.h; path = GameCore.Physics.h; sourceTree = "<group>"; };
		DA1AAB77127F5BF8006E769D /* MovementPhysics.h */ = {isa = PBXFileReference; fileEncoding = 4; lastKnownFileType = sourcecode.c.h; path = MovementPhysics.h; sourceTree = "<group>"; };
		DA1AAB78127F5BF8006E769D /* MovementPhysics.m */ = {isa = PBXFileReference; fileEncoding = 4; lastKnownFileType = sourcecode.c.objc; path = MovementPhysics.m; sourceTree = "<group>"; };
		DA1AAB7C127F5C5F006E769D /* ParticleParticleCollision.h */ = {isa = PBXFileReference; fileEncoding = 4; lastKnownFileType = sourcecode.c.h; path = ParticleParticleCollision.h; sourceTree = "<group>"; };
		DA1AAB7D127F5C5F006E769D /* ParticleParticleCollision.m */ = {isa = PBXFileReference; fileEncoding = 4; lastKnownFileType = sourcecode.c.objc; path = ParticleParticleCollision.m; sourceTree = "<group>"; };
		DA1AAB88127F5DC2006E769D /* GameCore.Scene.Objects.classes.h */ = {isa = PBXFileReference; fileEncoding = 4; lastKnownFileType = sourcecode.c.h; path = GameCore.Scene.Objects.classes.h; sourceTree = "<group>"; };
		DA1AAB8C127F5DD0006E769D /* GameCore.Scene.Objects.h */ = {isa = PBXFileReference; fileEncoding = 4; lastKnownFileType = sourcecode.c.h; path = GameCore.Scene.Objects.h; sourceTree = "<group>"; };
		DA1AAB90127F5E47006E769D /* IPosition.h */ = {isa = PBXFileReference; fileEncoding = 4; lastKnownFileType = sourcecode.c.h; path = IPosition.h; sourceTree = "<group>"; };
		DA1AAB94127F5E65006E769D /* IVelocity.h */ = {isa = PBXFileReference; fileEncoding = 4; lastKnownFileType = sourcecode.c.h; path = IVelocity.h; sourceTree = "<group>"; };
		DA1AAB98127F5E74006E769D /* IMovable.h */ = {isa = PBXFileReference; fileEncoding = 4; lastKnownFileType = sourcecode.c.h; path = IMovable.h; sourceTree = "<group>"; };
		DA1AAB9C127F5E83006E769D /* ILifetime.h */ = {isa = PBXFileReference; fileEncoding = 4; lastKnownFileType = sourcecode.c.h; path = ILifetime.h; sourceTree = "<group>"; };
		DA1AABA0127F5E96006E769D /* Lifetime.h */ = {isa = PBXFileReference; fileEncoding = 4; lastKnownFileType = sourcecode.c.h; path = Lifetime.h; sourceTree = "<group>"; };
		DA1AABA1127F5E96006E769D /* Lifetime.m */ = {isa = PBXFileReference; fileEncoding = 4; lastKnownFileType = sourcecode.c.objc; path = Lifetime.m; sourceTree = "<group>"; };
		DA1AABA4127F5EA2006E769D /* IMass.h */ = {isa = PBXFileReference; fileEncoding = 4; lastKnownFileType = sourcecode.c.h; path = IMass.h; sourceTree = "<group>"; };
		DA1AABA8127F5EB3006E769D /* IRadius.h */ = {isa = PBXFileReference; fileEncoding = 4; lastKnownFileType = sourcecode.c.h; path = IRadius.h; sourceTree = "<group>"; };
		DA1AABAC127F5EDB006E769D /* IParticleCollider.h */ = {isa = PBXFileReference; fileEncoding = 4; lastKnownFileType = sourcecode.c.h; path = IParticleCollider.h; sourceTree = "<group>"; };
		DA1AABAE127F5EEB006E769D /* IParticle.h */ = {isa = PBXFileReference; fileEncoding = 4; lastKnownFileType = sourcecode.c.h; path = IParticle.h; sourceTree = "<group>"; };
		DA1AABB2127F5EFD006E769D /* IConvexCollider.h */ = {isa = PBXFileReference; fileEncoding = 4; lastKnownFileType = sourcecode.c.h; path = IConvexCollider.h; sourceTree = "<group>"; };
		DA1AABB6127F5F16006E769D /* IHalfPlaneCollider.h */ = {isa = PBXFileReference; fileEncoding = 4; lastKnownFileType = sourcecode.c.h; path = IHalfPlaneCollider.h; sourceTree = "<group>"; };
		DA1AABBA127F5F39006E769D /* ICoefficientOfRestitution.h */ = {isa = PBXFileReference; fileEncoding = 4; lastKnownFileType = sourcecode.c.h; path = ICoefficientOfRestitution.h; sourceTree = "<group>"; };
		DA6AB661127F3A2900FC4684 /* Sprite.h */ = {isa = PBXFileReference; fileEncoding = 4; lastKnownFileType = sourcecode.c.h; path = Sprite.h; sourceTree = "<group>"; };
		DA6AB662127F3A2900FC4684 /* Sprite.m */ = {isa = PBXFileReference; fileEncoding = 4; lastKnownFileType = sourcecode.c.objc; path = Sprite.m; sourceTree = "<group>"; };
		DA6AB66A127F3A4D00FC4684 /* GameCore.Graphics.classes.h */ = {isa = PBXFileReference; fileEncoding = 4; lastKnownFileType = sourcecode.c.h; path = GameCore.Graphics.classes.h; sourceTree = "<group>"; };
		DA6AB66B127F3A4D00FC4684 /* GameCore.Graphics.h */ = {isa = PBXFileReference; fileEncoding = 4; lastKnownFileType = sourcecode.c.h; path = GameCore.Graphics.h; sourceTree = "<group>"; };
		DA82C578128A012D00026869 /* Rectangle+Extensions.h */ = {isa = PBXFileReference; fileEncoding = 4; lastKnownFileType = sourcecode.c.h; path = "Rectangle+Extensions.h"; sourceTree = "<group>"; };
		DA82C579128A012D00026869 /* Rectangle+Extensions.m */ = {isa = PBXFileReference; fileEncoding = 4; lastKnownFileType = sourcecode.c.objc; path = "Rectangle+Extensions.m"; sourceTree = "<group>"; };
		DA82C57D128A017600026869 /* Random.h */ = {isa = PBXFileReference; fileEncoding = 4; lastKnownFileType = sourcecode.c.h; path = Random.h; sourceTree = "<group>"; };
		DA82C57E128A017600026869 /* Random.m */ = {isa = PBXFileReference; fileEncoding = 4; lastKnownFileType = sourcecode.c.objc; path = Random.m; sourceTree = "<group>"; };
		DA82C612128A0B7400026869 /* Everywhere.h */ = {isa = PBXFileReference; fileEncoding = 4; lastKnownFileType = sourcecode.c.h; path = Everywhere.h; sourceTree = "<group>"; };
		DA86DE0812A2B53400CB2CCE /* SceneAction.h */ = {isa = PBXFileReference; fileEncoding = 4; lastKnownFileType = sourcecode.c.h; path = SceneAction.h; sourceTree = "<group>"; };
		DA86DE0912A2B53400CB2CCE /* SceneAction.m */ = {isa = PBXFileReference; fileEncoding = 4; lastKnownFileType = sourcecode.c.objc; path = SceneAction.m; sourceTree = "<group>"; };
		DA86DE0C12A2B5D100CB2CCE /* SceneEventArgs.h */ = {isa = PBXFileReference; fileEncoding = 4; lastKnownFileType = sourcecode.c.h; path = SceneEventArgs.h; sourceTree = "<group>"; };
		DA86DE0D12A2B5D100CB2CCE /* SceneEventArgs.m */ = {isa = PBXFileReference; fileEncoding = 4; lastKnownFileType = sourcecode.c.objc; path = SceneEventArgs.m; sourceTree = "<group>"; };
		DA86DE1212A2B6AC00CB2CCE /* ISceneUser.h */ = {isa = PBXFileReference; fileEncoding = 4; lastKnownFileType = sourcecode.c.h; path = ISceneUser.h; sourceTree = "<group>"; };
		DA86DE1612A2B6E800CB2CCE /* ICustomUpdate.h */ = {isa = PBXFileReference; fileEncoding = 4; lastKnownFileType = sourcecode.c.h; path = ICustomUpdate.h; sourceTree = "<group>"; };
		DA86DE1A12A2B83900CB2CCE /* ICollisionAlgorithm.h */ = {isa = PBXFileReference; fileEncoding = 4; lastKnownFileType = sourcecode.c.h; path = ICollisionAlgorithm.h; sourceTree = "<group>"; };
		DA86DE1E12A2B88E00CB2CCE /* CollisionAlgorithm.h */ = {isa = PBXFileReference; fileEncoding = 4; lastKnownFileType = sourcecode.c.h; path = CollisionAlgorithm.h; sourceTree = "<group>"; };
		DA86DE1F12A2B88E00CB2CCE /* CollisionAlgorithm.m */ = {isa = PBXFileReference; fileEncoding = 4; lastKnownFileType = sourcecode.c.objc; path = CollisionAlgorithm.m; sourceTree = "<group>"; };
		DA86DE2212A2B90500CB2CCE /* AARectangleAAHalfPlaneCollision.h */ = {isa = PBXFileReference; fileEncoding = 4; lastKnownFileType = sourcecode.c.h; path = AARectangleAAHalfPlaneCollision.h; sourceTree = "<group>"; };
		DA86DE2312A2B90500CB2CCE /* AARectangleAAHalfPlaneCollision.m */ = {isa = PBXFileReference; fileEncoding = 4; lastKnownFileType = sourcecode.c.objc; path = AARectangleAAHalfPlaneCollision.m; sourceTree = "<group>"; };
		DA86DE2612A2B95C00CB2CCE /* AARectangleAARectangleCollision.h */ = {isa = PBXFileReference; fileEncoding = 4; lastKnownFileType = sourcecode.c.h; path = AARectangleAARectangleCollision.h; sourceTree = "<group>"; };
		DA86DE2712A2B95C00CB2CCE /* AARectangleAARectangleCollision.m */ = {isa = PBXFileReference; fileEncoding = 4; lastKnownFileType = sourcecode.c.objc; path = AARectangleAARectangleCollision.m; sourceTree = "<group>"; };
		DA86DE7D12A2BE4500CB2CCE /* IAAHalfPlaneCollider.h */ = {isa = PBXFileReference; fileEncoding = 4; lastKnownFileType = sourcecode.c.h; path = IAAHalfPlaneCollider.h; sourceTree = "<group>"; };
		DA86DE8112A2BE7E00CB2CCE /* IAARectangleCollider.h */ = {isa = PBXFileReference; fileEncoding = 4; lastKnownFileType = sourcecode.c.h; path = IAARectangleCollider.h; sourceTree = "<group>"; };
		DA9AA1EF128F29360096CFC5 /* AALimit.h */ = {isa = PBXFileReference; fileEncoding = 4; lastKnownFileType = sourcecode.c.h; path = AALimit.h; sourceTree = "<group>"; };
		DA9AA1F0128F29360096CFC5 /* AALimit.m */ = {isa = PBXFileReference; fileEncoding = 4; lastKnownFileType = sourcecode.c.objc; path = AALimit.m; sourceTree = "<group>"; };
		DA9AA206128F2AA80096CFC5 /* GameCore.Math.h */ = {isa = PBXFileReference; fileEncoding = 4; lastKnownFileType = sourcecode.c.h; path = GameCore.Math.h; sourceTree = "<group>"; };
		DA9AA20A128F2ABD0096CFC5 /* GameCore.Math.classes.h */ = {isa = PBXFileReference; fileEncoding = 4; lastKnownFileType = sourcecode.c.h; path = GameCore.Math.classes.h; sourceTree = "<group>"; };
		DA9AA210128F2AFF0096CFC5 /* MathEnum.h */ = {isa = PBXFileReference; fileEncoding = 4; lastKnownFileType = sourcecode.c.h; path = MathEnum.h; sourceTree = "<group>"; };
		DA9AA214128F2B250096CFC5 /* HalfPlane.h */ = {isa = PBXFileReference; fileEncoding = 4; lastKnownFileType = sourcecode.c.h; path = HalfPlane.h; sourceTree = "<group>"; };
		DA9AA215128F2B250096CFC5 /* HalfPlane.m */ = {isa = PBXFileReference; fileEncoding = 4; lastKnownFileType = sourcecode.c.objc; path = HalfPlane.m; sourceTree = "<group>"; };
		DA9AA218128F2B6E0096CFC5 /* AAHalfPlane.h */ = {isa = PBXFileReference; fileEncoding = 4; lastKnownFileType = sourcecode.c.h; path = AAHalfPlane.h; sourceTree = "<group>"; };
		DA9AA219128F2B6E0096CFC5 /* AAHalfPlane.m */ = {isa = PBXFileReference; fileEncoding = 4; lastKnownFileType = sourcecode.c.objc; path = AAHalfPlane.m; sourceTree = "<group>"; };
		DA9AA21C128F2B920096CFC5 /* Polygon.h */ = {isa = PBXFileReference; fileEncoding = 4; lastKnownFileType = sourcecode.c.h; path = Polygon.h; sourceTree = "<group>"; };
		DA9AA21D128F2B920096CFC5 /* Polygon.m */ = {isa = PBXFileReference; fileEncoding = 4; lastKnownFileType = sourcecode.c.objc; path = Polygon.m; sourceTree = "<group>"; };
		DA9AA220128F2BB80096CFC5 /* ConvexPolygon.h */ = {isa = PBXFileReference; fileEncoding = 4; lastKnownFileType = sourcecode.c.h; path = ConvexPolygon.h; sourceTree = "<group>"; };
		DA9AA221128F2BB80096CFC5 /* ConvexPolygon.m */ = {isa = PBXFileReference; fileEncoding = 4; lastKnownFileType = sourcecode.c.objc; path = ConvexPolygon.m; sourceTree = "<group>"; };
		DA9AA29C128F2E6B0096CFC5 /* Collision.h */ = {isa = PBXFileReference; fileEncoding = 4; lastKnownFileType = sourcecode.c.h; path = Collision.h; sourceTree = "<group>"; };
		DA9AA29D128F2E6B0096CFC5 /* Collision.m */ = {isa = PBXFileReference; fileEncoding = 4; lastKnownFileType = sourcecode.c.objc; path = Collision.m; sourceTree = "<group>"; };
		DA9AA2A6128F2EED0096CFC5 /* ParticleConvexCollision.h */ = {isa = PBXFileReference; fileEncoding = 4; lastKnownFileType = sourcecode.c.h; path = ParticleConvexCollision.h; sourceTree = "<group>"; };
		DA9AA2A7128F2EED0096CFC5 /* ParticleConvexCollision.m */ = {isa = PBXFileReference; fileEncoding = 4; lastKnownFileType = sourcecode.c.objc; path = ParticleConvexCollision.m; sourceTree = "<group>"; };
		DA9AA2AB128F2F150096CFC5 /* ParticleAAHalfPlaneCollision.h */ = {isa = PBXFileReference; fileEncoding = 4; lastKnownFileType = sourcecode.c.h; path = ParticleAAHalfPlaneCollision.h; sourceTree = "<group>"; };
		DA9AA2AC128F2F150096CFC5 /* ParticleAAHalfPlaneCollision.m */ = {isa = PBXFileReference; fileEncoding = 4; lastKnownFileType = sourcecode.c.objc; path = ParticleAAHalfPlaneCollision.m; sourceTree = "<group>"; };
/* End PBXFileReference section */

/* Begin PBXFrameworksBuildPhase section */
		D2AAC07C0554694100DB518D /* Frameworks */ = {
			isa = PBXFrameworksBuildPhase;
			buildActionMask = 2147483647;
			files = (
				AACBBE4A0F95108600F1A2B1 /* Foundation.framework in Frameworks */,
			);
			runOnlyForDeploymentPostprocessing = 0;
		};
/* End PBXFrameworksBuildPhase section */

/* Begin PBXGroup section */
		034768DFFF38A50411DB9C8B /* Products */ = {
			isa = PBXGroup;
			children = (
				D2AAC07E0554694100DB518D /* libGameCore.a */,
			);
			name = Products;
			sourceTree = "<group>";
		};
		0867D691FE84028FC02AAC07 /* GameCore */ = {
			isa = PBXGroup;
			children = (
				08FB77AEFE84172EC02AAC07 /* Classes */,
				32C88DFF0371C24200C91783 /* Other Sources */,
				0867D69AFE84028FC02AAC07 /* Frameworks */,
				034768DFFF38A50411DB9C8B /* Products */,
			);
			name = GameCore;
			sourceTree = "<group>";
		};
		0867D69AFE84028FC02AAC07 /* Frameworks */ = {
			isa = PBXGroup;
			children = (
				AACBBE490F95108600F1A2B1 /* Foundation.framework */,
			);
			name = Frameworks;
			sourceTree = "<group>";
		};
		08FB77AEFE84172EC02AAC07 /* Classes */ = {
			isa = PBXGroup;
			children = (
				DA82C57C128A016700026869 /* Math */,
				DA82C577128A010000026869 /* Extensions */,
				DA1AAB4A127F51C9006E769D /* Scene */,
				DA6AB66E127F3A6000FC4684 /* Physics */,
				DA6AB666127F3A2C00FC4684 /* Graphics */,
				DA82C612128A0B7400026869 /* Everywhere.h */,
			);
			name = Classes;
			sourceTree = "<group>";
		};
		32C88DFF0371C24200C91783 /* Other Sources */ = {
			isa = PBXGroup;
			children = (
				AA747D9E0F9514B9006C5449 /* GameCore_Prefix.pch */,
			);
			name = "Other Sources";
			sourceTree = "<group>";
		};
		C6B7D3A412941CC7009A1B4E /* Movement */ = {
			isa = PBXGroup;
			children = (
				DA1AAB90127F5E47006E769D /* IPosition.h */,
				DA1AAB94127F5E65006E769D /* IVelocity.h */,
				DA1AAB98127F5E74006E769D /* IMovable.h */,
			);
			name = Movement;
			sourceTree = "<group>";
		};
		C6B7D3A512941CCF009A1B4E /* Rotation */ = {
			isa = PBXGroup;
			children = (
				C6B7D3BC12941EB5009A1B4E /* IRotation.h */,
				C6B7D3C312941EEF009A1B4E /* IAngularVelocity.h */,
				C6B7D3C812941F15009A1B4E /* IRotatable.h */,
			);
			name = Rotation;
			sourceTree = "<group>";
		};
		C6B7D3A612941CDD009A1B4E /* Shapes */ = {
			isa = PBXGroup;
			children = (
				DA1AABA8127F5EB3006E769D /* IRadius.h */,
				C6B7D39E12941CAE009A1B4E /* IRectangleSize.h */,
			);
			name = Shapes;
			sourceTree = "<group>";
		};
		C6B7D3A712941CE3009A1B4E /* Colliders */ = {
			isa = PBXGroup;
			children = (
				DA1AABAC127F5EDB006E769D /* IParticleCollider.h */,
				DA1AABB2127F5EFD006E769D /* IConvexCollider.h */,
				DA1AABB6127F5F16006E769D /* IHalfPlaneCollider.h */,
				DA86DE7D12A2BE4500CB2CCE /* IAAHalfPlaneCollider.h */,
				C6B7D3AB12941D9C009A1B4E /* IRectangleCollider.h */,
				DA86DE8112A2BE7E00CB2CCE /* IAARectangleCollider.h */,
				C6B7D3B012941DC9009A1B4E /* ICustomCollider.h */,
			);
			name = Colliders;
			sourceTree = "<group>";
		};
		C6B7D3A812941D30009A1B4E /* Physical Properties */ = {
			isa = PBXGroup;
			children = (
				DA1AABA4127F5EA2006E769D /* IMass.h */,
				DA1AABBA127F5F39006E769D /* ICoefficientOfRestitution.h */,
			);
			name = "Physical Properties";
			sourceTree = "<group>";
		};
		DA1AAB4A127F51C9006E769D /* Scene */ = {
			isa = PBXGroup;
			children = (
				DA1AAB80127F5CC7006E769D /* Objects */,
				DA1AAB53127F52F5006E769D /* GameCore.Scene.classes.h */,
				DA1AAB4F127F52DE006E769D /* GameCore.Scene.h */,
				DA1AAB4B127F522C006E769D /* IScene.h */,
				DA1AAB46127F51BD006E769D /* Scene.h */,
				DA1AAB47127F51BD006E769D /* Scene.m */,
				DA86DE0812A2B53400CB2CCE /* SceneAction.h */,
				DA86DE0912A2B53400CB2CCE /* SceneAction.m */,
				DA86DE0C12A2B5D100CB2CCE /* SceneEventArgs.h */,
				DA86DE0D12A2B5D100CB2CCE /* SceneEventArgs.m */,
			);
			name = Scene;
			sourceTree = "<group>";
		};
		DA1AAB7B127F5C4E006E769D /* Collision */ = {
			isa = PBXGroup;
			children = (
				DA86DE1A12A2B83900CB2CCE /* ICollisionAlgorithm.h */,
				DA9AA29C128F2E6B0096CFC5 /* Collision.h */,
				DA9AA29D128F2E6B0096CFC5 /* Collision.m */,
				DA86DE1E12A2B88E00CB2CCE /* CollisionAlgorithm.h */,
				DA86DE1F12A2B88E00CB2CCE /* CollisionAlgorithm.m */,
				DA1AAB7C127F5C5F006E769D /* ParticleParticleCollision.h */,
				DA1AAB7D127F5C5F006E769D /* ParticleParticleCollision.m */,
				DA9AA2A6128F2EED0096CFC5 /* ParticleConvexCollision.h */,
				DA9AA2A7128F2EED0096CFC5 /* ParticleConvexCollision.m */,
				DA9AA2AB128F2F150096CFC5 /* ParticleAAHalfPlaneCollision.h */,
				DA9AA2AC128F2F150096CFC5 /* ParticleAAHalfPlaneCollision.m */,
				C6B7D39412941BE2009A1B4E /* ParticleAARectangleCollision.h */,
				C6B7D39512941BE2009A1B4E /* ParticleAARectangleCollision.m */,
				DA86DE2212A2B90500CB2CCE /* AARectangleAAHalfPlaneCollision.h */,
				DA86DE2312A2B90500CB2CCE /* AARectangleAAHalfPlaneCollision.m */,
				DA86DE2612A2B95C00CB2CCE /* AARectangleAARectangleCollision.h */,
				DA86DE2712A2B95C00CB2CCE /* AARectangleAARectangleCollision.m */,
			);
			name = Collision;
			sourceTree = "<group>";
		};
		DA1AAB80127F5CC7006E769D /* Objects */ = {
			isa = PBXGroup;
			children = (
				DA1AAB88127F5DC2006E769D /* GameCore.Scene.Objects.classes.h */,
				DA1AAB8C127F5DD0006E769D /* GameCore.Scene.Objects.h */,
				C6B7D3A412941CC7009A1B4E /* Movement */,
				C6B7D3A512941CCF009A1B4E /* Rotation */,
				C6B7D3A612941CDD009A1B4E /* Shapes */,
				C6B7D3A812941D30009A1B4E /* Physical Properties */,
				C6B7D3A712941CE3009A1B4E /* Colliders */,
				DA1AAB9C127F5E83006E769D /* ILifetime.h */,
				DA1AABA0127F5E96006E769D /* Lifetime.h */,
				DA1AABA1127F5E96006E769D /* Lifetime.m */,
				DA1AABAE127F5EEB006E769D /* IParticle.h */,
				DA9AA1EF128F29360096CFC5 /* AALimit.h */,
				DA9AA1F0128F29360096CFC5 /* AALimit.m */,
				DA86DE1212A2B6AC00CB2CCE /* ISceneUser.h */,
				DA86DE1612A2B6E800CB2CCE /* ICustomUpdate.h */,
			);
			name = Objects;
			sourceTree = "<group>";
		};
		DA6AB666127F3A2C00FC4684 /* Graphics */ = {
			isa = PBXGroup;
			children = (
				DA6AB66A127F3A4D00FC4684 /* GameCore.Graphics.classes.h */,
				DA6AB66B127F3A4D00FC4684 /* GameCore.Graphics.h */,
				003616E3129D59A600EC0EDD /* PrimitiveBatch.h */,
				003616E4129D59A600EC0EDD /* PrimitiveBatch.m */,
				DA6AB661127F3A2900FC4684 /* Sprite.h */,
				DA6AB662127F3A2900FC4684 /* Sprite.m */,
				C6B7D37812941ACD009A1B4E /* AnimatedSprite.h */,
				C6B7D37912941ACD009A1B4E /* AnimatedSprite.m */,
				C6B7D38112941B1F009A1B4E /* AnimatedSpriteFrame.h */,
				C6B7D38212941B1F009A1B4E /* AnimatedSpriteFrame.m */,
			);
			name = Graphics;
			sourceTree = "<group>";
		};
		DA6AB66E127F3A6000FC4684 /* Physics */ = {
			isa = PBXGroup;
			children = (
				DA1AAB71127F5B90006E769D /* GameCore.Physics.classes.h */,
				DA1AAB73127F5BAD006E769D /* GameCore.Physics.h */,
				DA1AAB77127F5BF8006E769D /* MovementPhysics.h */,
				DA1AAB78127F5BF8006E769D /* MovementPhysics.m */,
				DA1AAB7B127F5C4E006E769D /* Collision */,
			);
			name = Physics;
			sourceTree = "<group>";
		};
		DA82C577128A010000026869 /* Extensions */ = {
			isa = PBXGroup;
			children = (
				DA82C578128A012D00026869 /* Rectangle+Extensions.h */,
				DA82C579128A012D00026869 /* Rectangle+Extensions.m */,
			);
			name = Extensions;
			sourceTree = "<group>";
		};
		DA82C57C128A016700026869 /* Math */ = {
			isa = PBXGroup;
			children = (
				DA9AA20A128F2ABD0096CFC5 /* GameCore.Math.classes.h */,
				DA9AA206128F2AA80096CFC5 /* GameCore.Math.h */,
				DA9AA210128F2AFF0096CFC5 /* MathEnum.h */,
				DA82C57D128A017600026869 /* Random.h */,
				DA82C57E128A017600026869 /* Random.m */,
				DA9AA214128F2B250096CFC5 /* HalfPlane.h */,
				DA9AA215128F2B250096CFC5 /* HalfPlane.m */,
				DA9AA218128F2B6E0096CFC5 /* AAHalfPlane.h */,
				DA9AA219128F2B6E0096CFC5 /* AAHalfPlane.m */,
				DA9AA21C128F2B920096CFC5 /* Polygon.h */,
				DA9AA21D128F2B920096CFC5 /* Polygon.m */,
				DA9AA220128F2BB80096CFC5 /* ConvexPolygon.h */,
				DA9AA221128F2BB80096CFC5 /* ConvexPolygon.m */,
			);
			name = Math;
			sourceTree = "<group>";
		};
/* End PBXGroup section */

/* Begin PBXHeadersBuildPhase section */
		D2AAC07A0554694100DB518D /* Headers */ = {
			isa = PBXHeadersBuildPhase;
			buildActionMask = 2147483647;
			files = (
				AA747D9F0F9514B9006C5449 /* GameCore_Prefix.pch in Headers */,
				DA6AB663127F3A2900FC4684 /* Sprite.h in Headers */,
				DA6AB66C127F3A4D00FC4684 /* GameCore.Graphics.classes.h in Headers */,
				DA6AB66D127F3A4D00FC4684 /* GameCore.Graphics.h in Headers */,
				DA1AAB48127F51BD006E769D /* Scene.h in Headers */,
				DA1AAB4D127F522C006E769D /* IScene.h in Headers */,
				DA1AAB51127F52DE006E769D /* GameCore.Scene.h in Headers */,
				DA1AAB55127F52F5006E769D /* GameCore.Scene.classes.h in Headers */,
				DA1AAB75127F5BAD006E769D /* GameCore.Physics.h in Headers */,
				DA1AAB79127F5BF8006E769D /* MovementPhysics.h in Headers */,
				DA1AAB7E127F5C5F006E769D /* ParticleParticleCollision.h in Headers */,
				DA1AAB8A127F5DC2006E769D /* GameCore.Scene.Objects.classes.h in Headers */,
				DA1AAB8E127F5DD0006E769D /* GameCore.Scene.Objects.h in Headers */,
				DA1AAB92127F5E47006E769D /* IPosition.h in Headers */,
				DA1AAB96127F5E65006E769D /* IVelocity.h in Headers */,
				DA1AAB9A127F5E74006E769D /* IMovable.h in Headers */,
				DA1AAB9E127F5E83006E769D /* ILifetime.h in Headers */,
				DA1AABA2127F5E96006E769D /* Lifetime.h in Headers */,
				DA1AABA6127F5EA2006E769D /* IMass.h in Headers */,
				DA1AABAA127F5EB3006E769D /* IRadius.h in Headers */,
				DA1AABB0127F5EEB006E769D /* IParticle.h in Headers */,
				DA1AABB4127F5EFD006E769D /* IConvexCollider.h in Headers */,
				DA1AABB8127F5F16006E769D /* IHalfPlaneCollider.h in Headers */,
				DA1AABBC127F5F39006E769D /* ICoefficientOfRestitution.h in Headers */,
				DA82C57A128A012D00026869 /* Rectangle+Extensions.h in Headers */,
				DA82C57F128A017600026869 /* Random.h in Headers */,
				DA82C614128A0B7400026869 /* Everywhere.h in Headers */,
				DA9AA1F1128F29360096CFC5 /* AALimit.h in Headers */,
				DA9AA208128F2AA80096CFC5 /* GameCore.Math.h in Headers */,
				DA9AA20C128F2ABD0096CFC5 /* GameCore.Math.classes.h in Headers */,
				DA9AA212128F2AFF0096CFC5 /* MathEnum.h in Headers */,
				DA9AA216128F2B250096CFC5 /* HalfPlane.h in Headers */,
				DA9AA21A128F2B6E0096CFC5 /* AAHalfPlane.h in Headers */,
				DA9AA21E128F2B920096CFC5 /* Polygon.h in Headers */,
				DA9AA222128F2BB80096CFC5 /* ConvexPolygon.h in Headers */,
				DA9AA29E128F2E6B0096CFC5 /* Collision.h in Headers */,
				DA9AA2A8128F2EED0096CFC5 /* ParticleConvexCollision.h in Headers */,
				DA9AA2AD128F2F150096CFC5 /* ParticleAAHalfPlaneCollision.h in Headers */,
				C6B7D37A12941ACD009A1B4E /* AnimatedSprite.h in Headers */,
				C6B7D38312941B1F009A1B4E /* AnimatedSpriteFrame.h in Headers */,
				C6B7D39612941BE2009A1B4E /* ParticleAARectangleCollision.h in Headers */,
				C6B7D3A012941CAE009A1B4E /* IRectangleSize.h in Headers */,
				C6B7D3AD12941D9C009A1B4E /* IRectangleCollider.h in Headers */,
				C6B7D3B212941DC9009A1B4E /* ICustomCollider.h in Headers */,
				C6B7D3BE12941EB5009A1B4E /* IRotation.h in Headers */,
				C6B7D3C512941EEF009A1B4E /* IAngularVelocity.h in Headers */,
				C6B7D3CA12941F15009A1B4E /* IRotatable.h in Headers */,
				003616E5129D59A600EC0EDD /* PrimitiveBatch.h in Headers */,
				DA86DE0A12A2B53400CB2CCE /* SceneAction.h in Headers */,
				DA86DE0E12A2B5D100CB2CCE /* SceneEventArgs.h in Headers */,
				DA86DE1412A2B6AC00CB2CCE /* ISceneUser.h in Headers */,
				DA86DE1812A2B6E800CB2CCE /* ICustomUpdate.h in Headers */,
				DA86DE1C12A2B83900CB2CCE /* ICollisionAlgorithm.h in Headers */,
				DA86DE2012A2B88E00CB2CCE /* CollisionAlgorithm.h in Headers */,
				DA86DE2412A2B90500CB2CCE /* AARectangleAAHalfPlaneCollision.h in Headers */,
				DA86DE2812A2B95C00CB2CCE /* AARectangleAARectangleCollision.h in Headers */,
				DA86DE7F12A2BE4500CB2CCE /* IAAHalfPlaneCollider.h in Headers */,
				DA86DE8312A2BE7E00CB2CCE /* IAARectangleCollider.h in Headers */,
			);
			runOnlyForDeploymentPostprocessing = 0;
		};
/* End PBXHeadersBuildPhase section */

/* Begin PBXNativeTarget section */
		D2AAC07D0554694100DB518D /* GameCore */ = {
			isa = PBXNativeTarget;
			buildConfigurationList = 1DEB921E08733DC00010E9CD /* Build configuration list for PBXNativeTarget "GameCore" */;
			buildPhases = (
				D2AAC07A0554694100DB518D /* Headers */,
				D2AAC07B0554694100DB518D /* Sources */,
				D2AAC07C0554694100DB518D /* Frameworks */,
			);
			buildRules = (
			);
			dependencies = (
			);
			name = GameCore;
			productName = GameCore;
			productReference = D2AAC07E0554694100DB518D /* libGameCore.a */;
			productType = "com.apple.product-type.library.static";
		};
/* End PBXNativeTarget section */

/* Begin PBXProject section */
		0867D690FE84028FC02AAC07 /* Project object */ = {
			isa = PBXProject;
			buildConfigurationList = 1DEB922208733DC00010E9CD /* Build configuration list for PBXProject "GameCore" */;
			compatibilityVersion = "Xcode 3.1";
			developmentRegion = English;
			hasScannedForEncodings = 1;
			knownRegions = (
				English,
				Japanese,
				French,
				German,
			);
			mainGroup = 0867D691FE84028FC02AAC07 /* GameCore */;
			productRefGroup = 034768DFFF38A50411DB9C8B /* Products */;
			projectDirPath = "";
			projectRoot = "";
			targets = (
				D2AAC07D0554694100DB518D /* GameCore */,
			);
		};
/* End PBXProject section */

/* Begin PBXSourcesBuildPhase section */
		D2AAC07B0554694100DB518D /* Sources */ = {
			isa = PBXSourcesBuildPhase;
			buildActionMask = 2147483647;
			files = (
				DA6AB664127F3A2900FC4684 /* Sprite.m in Sources */,
				DA1AAB49127F51BD006E769D /* Scene.m in Sources */,
				DA1AAB7A127F5BF8006E769D /* MovementPhysics.m in Sources */,
				DA1AAB7F127F5C5F006E769D /* ParticleParticleCollision.m in Sources */,
				DA1AABA3127F5E96006E769D /* Lifetime.m in Sources */,
				DA82C57B128A012D00026869 /* Rectangle+Extensions.m in Sources */,
				DA82C580128A017600026869 /* Random.m in Sources */,
				DA9AA1F2128F29360096CFC5 /* AALimit.m in Sources */,
				DA9AA217128F2B250096CFC5 /* HalfPlane.m in Sources */,
				DA9AA21B128F2B6E0096CFC5 /* AAHalfPlane.m in Sources */,
				DA9AA21F128F2B920096CFC5 /* Polygon.m in Sources */,
				DA9AA223128F2BB80096CFC5 /* ConvexPolygon.m in Sources */,
				DA9AA29F128F2E6B0096CFC5 /* Collision.m in Sources */,
				DA9AA2A9128F2EED0096CFC5 /* ParticleConvexCollision.m in Sources */,
				DA9AA2AE128F2F150096CFC5 /* ParticleAAHalfPlaneCollision.m in Sources */,
				C6B7D37B12941ACD009A1B4E /* AnimatedSprite.m in Sources */,
				C6B7D38412941B1F009A1B4E /* AnimatedSpriteFrame.m in Sources */,
				C6B7D39712941BE2009A1B4E /* ParticleAARectangleCollision.m in Sources */,
				003616E6129D59A600EC0EDD /* PrimitiveBatch.m in Sources */,
				DA86DE0B12A2B53400CB2CCE /* SceneAction.m in Sources */,
				DA86DE0F12A2B5D100CB2CCE /* SceneEventArgs.m in Sources */,
				DA86DE2112A2B88E00CB2CCE /* CollisionAlgorithm.m in Sources */,
				DA86DE2512A2B90500CB2CCE /* AARectangleAAHalfPlaneCollision.m in Sources */,
				DA86DE2912A2B95C00CB2CCE /* AARectangleAARectangleCollision.m in Sources */,
			);
			runOnlyForDeploymentPostprocessing = 0;
		};
/* End PBXSourcesBuildPhase section */

/* Begin XCBuildConfiguration section */
		1DEB921F08733DC00010E9CD /* Debug */ = {
			isa = XCBuildConfiguration;
			buildSettings = {
				ALWAYS_SEARCH_USER_PATHS = NO;
				ARCHS = "$(ARCHS_STANDARD_32_BIT)";
				COPY_PHASE_STRIP = NO;
				DSTROOT = /tmp/GameCore.dst;
				GCC_DYNAMIC_NO_PIC = NO;
				GCC_ENABLE_FIX_AND_CONTINUE = YES;
				GCC_MODEL_TUNING = G5;
				GCC_OPTIMIZATION_LEVEL = 0;
				GCC_PRECOMPILE_PREFIX_HEADER = YES;
				GCC_PREFIX_HEADER = GameCore_Prefix.pch;
				INSTALL_PATH = /usr/local/lib;
				PRODUCT_NAME = GameCore;
			};
			name = Debug;
		};
		1DEB922008733DC00010E9CD /* Release */ = {
			isa = XCBuildConfiguration;
			buildSettings = {
				ALWAYS_SEARCH_USER_PATHS = NO;
				ARCHS = "$(ARCHS_STANDARD_32_BIT)";
				DSTROOT = /tmp/GameCore.dst;
				GCC_MODEL_TUNING = G5;
				GCC_PRECOMPILE_PREFIX_HEADER = YES;
				GCC_PREFIX_HEADER = GameCore_Prefix.pch;
				INSTALL_PATH = /usr/local/lib;
				PRODUCT_NAME = GameCore;
			};
			name = Release;
		};
		1DEB922308733DC00010E9CD /* Debug */ = {
			isa = XCBuildConfiguration;
			buildSettings = {
				ARCHS = "$(ARCHS_STANDARD_32_BIT)";
				GCC_C_LANGUAGE_STANDARD = c99;
				GCC_OPTIMIZATION_LEVEL = 0;
				GCC_WARN_ABOUT_RETURN_TYPE = YES;
				GCC_WARN_UNUSED_VARIABLE = YES;
				OTHER_LDFLAGS = "-ObjC";
				PREBINDING = NO;
				SDKROOT = iphoneos4.1;
				USER_HEADER_SEARCH_PATHS = "${PROJECT_DIR}/../XNI/usr/local/include";
			};
			name = Debug;
		};
		1DEB922408733DC00010E9CD /* Release */ = {
			isa = XCBuildConfiguration;
			buildSettings = {
				ARCHS = "$(ARCHS_STANDARD_32_BIT)";
				GCC_C_LANGUAGE_STANDARD = c99;
				GCC_WARN_ABOUT_RETURN_TYPE = YES;
				GCC_WARN_UNUSED_VARIABLE = YES;
				OTHER_LDFLAGS = "-ObjC";
				PREBINDING = NO;
				SDKROOT = iphoneos4.1;
			};
			name = Release;
		};
/* End XCBuildConfiguration section */

/* Begin XCConfigurationList section */
		1DEB921E08733DC00010E9CD /* Build configuration list for PBXNativeTarget "GameCore" */ = {
			isa = XCConfigurationList;
			buildConfigurations = (
				1DEB921F08733DC00010E9CD /* Debug */,
				1DEB922008733DC00010E9CD /* Release */,
			);
			defaultConfigurationIsVisible = 0;
			defaultConfigurationName = Release;
		};
		1DEB922208733DC00010E9CD /* Build configuration list for PBXProject "GameCore" */ = {
			isa = XCConfigurationList;
			buildConfigurations = (
				1DEB922308733DC00010E9CD /* Debug */,
				1DEB922408733DC00010E9CD /* Release */,
			);
			defaultConfigurationIsVisible = 0;
			defaultConfigurationName = Release;
		};
/* End XCConfigurationList section */
	};
	rootObject = 0867D690FE84028FC02AAC07 /* Project object */;
}
