// !$*UTF8*$!
{
	archiveVersion = 1;
	classes = {
	};
	objectVersion = 45;
	objects = {

/* Begin PBXBuildFile section */
		1D60589B0D05DD56006BFB54 /* main.m in Sources */ = {isa = PBXBuildFile; fileRef = 29B97316FDCFA39411CA2CEA /* main.m */; };
		1D60589F0D05DD5A006BFB54 /* Foundation.framework in Frameworks */ = {isa = PBXBuildFile; fileRef = 1D30AB110D05D00D00671497 /* Foundation.framework */; };
		1DF5F4E00D08C38300B7A737 /* UIKit.framework in Frameworks */ = {isa = PBXBuildFile; fileRef = 1DF5F4DF0D08C38300B7A737 /* UIKit.framework */; };
		288765FD0DF74451002DB57D /* CoreGraphics.framework in Frameworks */ = {isa = PBXBuildFile; fileRef = 288765FC0DF74451002DB57D /* CoreGraphics.framework */; };
		C6B7D44D129421F4009A1B4E /* Constants.m in Sources */ = {isa = PBXBuildFile; fileRef = C6B7D44C129421F4009A1B4E /* Constants.m */; };
		DA1AAB0A127F4E6E006E769D /* Gameplay.m in Sources */ = {isa = PBXBuildFile; fileRef = DA1AAB09127F4E6E006E769D /* Gameplay.m */; };
		DA1AAB39127F4FBA006E769D /* Player.m in Sources */ = {isa = PBXBuildFile; fileRef = DA1AAB38127F4FBA006E769D /* Player.m */; };
		DA1AAB70127F5AFF006E769D /* PhysicsEngine.m in Sources */ = {isa = PBXBuildFile; fileRef = DA1AAB6F127F5AFF006E769D /* PhysicsEngine.m */; };
		DA1E00CA1275548300441AC2 /* libXNI.a in Frameworks */ = {isa = PBXBuildFile; fileRef = DA1E00C91275548300441AC2 /* libXNI.a */; };
		DA6460FE12A326EB00D93ED7 /* LevelLimit.m in Sources */ = {isa = PBXBuildFile; fileRef = DA6460FD12A326EB00D93ED7 /* LevelLimit.m */; };
		DA64618412A3387000D93ED7 /* BonusFactory.m in Sources */ = {isa = PBXBuildFile; fileRef = DA64618312A3387000D93ED7 /* BonusFactory.m */; };
		DA64618F12A33B0B00D93ED7 /* ExpandPadSizeBonus.m in Sources */ = {isa = PBXBuildFile; fileRef = DA64618E12A33B0B00D93ED7 /* ExpandPadSizeBonus.m */; };
		DA64619212A33B2B00D93ED7 /* ShrinkPadSizeBonus.m in Sources */ = {isa = PBXBuildFile; fileRef = DA64619112A33B2B00D93ED7 /* ShrinkPadSizeBonus.m */; };
		DA64619512A33B3B00D93ED7 /* PointsBonus.m in Sources */ = {isa = PBXBuildFile; fileRef = DA64619412A33B3B00D93ED7 /* PointsBonus.m */; };
		DA64619812A33B5700D93ED7 /* MultiBallBonus.m in Sources */ = {isa = PBXBuildFile; fileRef = DA64619712A33B5700D93ED7 /* MultiBallBonus.m */; };
		DA65D00B12764CDF0052AF85 /* Bonus.m in Sources */ = {isa = PBXBuildFile; fileRef = DA65D00A12764CDF0052AF85 /* Bonus.m */; };
		DA6AB79A127F406B00FC4684 /* libGameCore.a in Frameworks */ = {isa = PBXBuildFile; fileRef = DA6AB67E127F3AE000FC4684 /* libGameCore.a */; };
		DA730C9712AF188A0048188B /* AIPlayer.m in Sources */ = {isa = PBXBuildFile; fileRef = DA730C9612AF188A0048188B /* AIPlayer.m */; };
		DA730C9B12AF18F00048188B /* ReflexAgent.m in Sources */ = {isa = PBXBuildFile; fileRef = DA730C9A12AF18F00048188B /* ReflexAgent.m */; };
		DA730CAA12AF1C6B0048188B /* Bot.m in Sources */ = {isa = PBXBuildFile; fileRef = DA730CA912AF1C6B0048188B /* Bot.m */; };
		DA730CBC12AF1F330048188B /* AIRenderer.m in Sources */ = {isa = PBXBuildFile; fileRef = DA730CBB12AF1F330048188B /* AIRenderer.m */; };
		DA7BEC42129C3B0F0030C09C /* bonus.png in Resources */ = {isa = PBXBuildFile; fileRef = DA7BEC41129C3B0F0030C09C /* bonus.png */; };
		DA80C90512752B0000E0BF5A /* MyPong.png in Resources */ = {isa = PBXBuildFile; fileRef = DA80C90412752B0000E0BF5A /* MyPong.png */; };
		DA80C90F12752B7E00E0BF5A /* Pong.m in Sources */ = {isa = PBXBuildFile; fileRef = DA80C90E12752B7E00E0BF5A /* Pong.m */; };
		DA80C91712752BAB00E0BF5A /* Level.m in Sources */ = {isa = PBXBuildFile; fileRef = DA80C91612752BAB00E0BF5A /* Level.m */; };
		DA80C91D12752BBF00E0BF5A /* PongLevel.m in Sources */ = {isa = PBXBuildFile; fileRef = DA80C91C12752BBF00E0BF5A /* PongLevel.m */; };
		DA80C92012752BCA00E0BF5A /* Ball.m in Sources */ = {isa = PBXBuildFile; fileRef = DA80C91F12752BCA00E0BF5A /* Ball.m */; };
		DA80C92312752BD200E0BF5A /* Pad.m in Sources */ = {isa = PBXBuildFile; fileRef = DA80C92212752BD200E0BF5A /* Pad.m */; };
		DA80C92812752C2A00E0BF5A /* Renderer.m in Sources */ = {isa = PBXBuildFile; fileRef = DA80C92712752C2A00E0BF5A /* Renderer.m */; };
		DA82C672128A0FC900026869 /* HumanPlayer.m in Sources */ = {isa = PBXBuildFile; fileRef = DA1AABEF127F615A006E769D /* HumanPlayer.m */; };
		DA8EAD5A127717090098E373 /* Middle.m in Sources */ = {isa = PBXBuildFile; fileRef = DA8EAD59127717090098E373 /* Middle.m */; };
		DAAFE82712752A1F003CF29B /* OpenGLES.framework in Frameworks */ = {isa = PBXBuildFile; fileRef = DAAFE82612752A1F003CF29B /* OpenGLES.framework */; };
		DAAFE82B12752A26003CF29B /* QuartzCore.framework in Frameworks */ = {isa = PBXBuildFile; fileRef = DAAFE82A12752A26003CF29B /* QuartzCore.framework */; };
		DAB3863F12A4A9AA0098DDCB /* exp.png in Resources */ = {isa = PBXBuildFile; fileRef = DAB3863E12A4A9AA0098DDCB /* exp.png */; };
		DAB3867912A4AC160098DDCB /* Explosion.m in Sources */ = {isa = PBXBuildFile; fileRef = DAB3867812A4AC160098DDCB /* Explosion.m */; };
		DAC8DC2D12764F6F00B2E374 /* Bg.m in Sources */ = {isa = PBXBuildFile; fileRef = DAC8DC2C12764F6F00B2E374 /* Bg.m */; };
		DAE2AE1412A06AB40020FBA5 /* PongU8.png in Resources */ = {isa = PBXBuildFile; fileRef = DAE2AE1312A06AB40020FBA5 /* PongU8.png */; };
		DAE2AEE112A07D9C0020FBA5 /* PlayerImg.m in Sources */ = {isa = PBXBuildFile; fileRef = DAE2AEE012A07D9C0020FBA5 /* PlayerImg.m */; };
		DAE2AFD312A08BA20020FBA5 /* CaughtBall.m in Sources */ = {isa = PBXBuildFile; fileRef = DAE2AFD212A08BA20020FBA5 /* CaughtBall.m */; };
/* End PBXBuildFile section */

/* Begin PBXContainerItemProxy section */
		DA6AB67D127F3AE000FC4684 /* PBXContainerItemProxy */ = {
			isa = PBXContainerItemProxy;
			containerPortal = DA6AB676127F3AE000FC4684 /* GameCore.xcodeproj */;
			proxyType = 2;
			remoteGlobalIDString = D2AAC07E0554694100DB518D;
			remoteInfo = GameCore;
		};
		DA6AB79C127F40EB00FC4684 /* PBXContainerItemProxy */ = {
			isa = PBXContainerItemProxy;
			containerPortal = DA6AB676127F3AE000FC4684 /* GameCore.xcodeproj */;
			proxyType = 1;
			remoteGlobalIDString = D2AAC07D0554694100DB518D;
			remoteInfo = GameCore;
		};
/* End PBXContainerItemProxy section */

/* Begin PBXFileReference section */
		1D30AB110D05D00D00671497 /* Foundation.framework */ = {isa = PBXFileReference; lastKnownFileType = wrapper.framework; name = Foundation.framework; path = System/Library/Frameworks/Foundation.framework; sourceTree = SDKROOT; };
		1D6058910D05DD3D006BFB54 /* Pong.app */ = {isa = PBXFileReference; explicitFileType = wrapper.application; includeInIndex = 0; path = Pong.app; sourceTree = BUILT_PRODUCTS_DIR; };
		1DF5F4DF0D08C38300B7A737 /* UIKit.framework */ = {isa = PBXFileReference; lastKnownFileType = wrapper.framework; name = UIKit.framework; path = System/Library/Frameworks/UIKit.framework; sourceTree = SDKROOT; };
		288765FC0DF74451002DB57D /* CoreGraphics.framework */ = {isa = PBXFileReference; lastKnownFileType = wrapper.framework; name = CoreGraphics.framework; path = System/Library/Frameworks/CoreGraphics.framework; sourceTree = SDKROOT; };
		29B97316FDCFA39411CA2CEA /* main.m */ = {isa = PBXFileReference; fileEncoding = 4; lastKnownFileType = sourcecode.c.objc; name = main.m; path = Shared/main.m; sourceTree = "<group>"; };
		32CA4F630368D1EE00C91783 /* Pong_Prefix.pch */ = {isa = PBXFileReference; fileEncoding = 4; lastKnownFileType = sourcecode.c.h; path = Pong_Prefix.pch; sourceTree = "<group>"; };
		8D1107310486CEB800E47090 /* Pong-Info.plist */ = {isa = PBXFileReference; fileEncoding = 4; lastKnownFileType = text.plist.xml; path = "Pong-Info.plist"; plistStructureDefinitionIdentifier = "com.apple.xcode.plist.structure-definition.iphone.info-plist"; sourceTree = "<group>"; };
		C6B7D44B129421F4009A1B4E /* Constants.h */ = {isa = PBXFileReference; fileEncoding = 4; lastKnownFileType = sourcecode.c.h; path = Constants.h; sourceTree = "<group>"; };
		C6B7D44C129421F4009A1B4E /* Constants.m */ = {isa = PBXFileReference; fileEncoding = 4; lastKnownFileType = sourcecode.c.objc; path = Constants.m; sourceTree = "<group>"; };
		DA1AAB08127F4E6E006E769D /* Gameplay.h */ = {isa = PBXFileReference; fileEncoding = 4; lastKnownFileType = sourcecode.c.h; path = Gameplay.h; sourceTree = "<group>"; };
		DA1AAB09127F4E6E006E769D /* Gameplay.m */ = {isa = PBXFileReference; fileEncoding = 4; lastKnownFileType = sourcecode.c.objc; path = Gameplay.m; sourceTree = "<group>"; };
		DA1AAB37127F4FBA006E769D /* Player.h */ = {isa = PBXFileReference; fileEncoding = 4; lastKnownFileType = sourcecode.c.h; path = Player.h; sourceTree = "<group>"; };
		DA1AAB38127F4FBA006E769D /* Player.m */ = {isa = PBXFileReference; fileEncoding = 4; lastKnownFileType = sourcecode.c.objc; path = Player.m; sourceTree = "<group>"; };
		DA1AAB66127F56C9006E769D /* PlayerPosition.h */ = {isa = PBXFileReference; fileEncoding = 4; lastKnownFileType = sourcecode.c.h; path = PlayerPosition.h; sourceTree = "<group>"; };
		DA1AAB6E127F5AFF006E769D /* PhysicsEngine.h */ = {isa = PBXFileReference; fileEncoding = 4; lastKnownFileType = sourcecode.c.h; path = PhysicsEngine.h; sourceTree = "<group>"; };
		DA1AAB6F127F5AFF006E769D /* PhysicsEngine.m */ = {isa = PBXFileReference; fileEncoding = 4; lastKnownFileType = sourcecode.c.objc; path = PhysicsEngine.m; sourceTree = "<group>"; };
		DA1AABEE127F615A006E769D /* HumanPlayer.h */ = {isa = PBXFileReference; fileEncoding = 4; lastKnownFileType = sourcecode.c.h; path = HumanPlayer.h; sourceTree = "<group>"; };
		DA1AABEF127F615A006E769D /* HumanPlayer.m */ = {isa = PBXFileReference; fileEncoding = 4; lastKnownFileType = sourcecode.c.objc; path = HumanPlayer.m; sourceTree = "<group>"; };
		DA1E00C91275548300441AC2 /* libXNI.a */ = {isa = PBXFileReference; lastKnownFileType = archive.ar; name = libXNI.a; path = ../XNI/libXNI.a; sourceTree = SOURCE_ROOT; };
		DA6460FC12A326EB00D93ED7 /* LevelLimit.h */ = {isa = PBXFileReference; fileEncoding = 4; lastKnownFileType = sourcecode.c.h; path = LevelLimit.h; sourceTree = "<group>"; };
		DA6460FD12A326EB00D93ED7 /* LevelLimit.m */ = {isa = PBXFileReference; fileEncoding = 4; lastKnownFileType = sourcecode.c.objc; path = LevelLimit.m; sourceTree = "<group>"; };
		DA64618212A3387000D93ED7 /* BonusFactory.h */ = {isa = PBXFileReference; fileEncoding = 4; lastKnownFileType = sourcecode.c.h; path = BonusFactory.h; sourceTree = "<group>"; };
		DA64618312A3387000D93ED7 /* BonusFactory.m */ = {isa = PBXFileReference; fileEncoding = 4; lastKnownFileType = sourcecode.c.objc; path = BonusFactory.m; sourceTree = "<group>"; };
		DA64618512A3388700D93ED7 /* BonusType.h */ = {isa = PBXFileReference; fileEncoding = 4; lastKnownFileType = sourcecode.c.h; path = BonusType.h; sourceTree = "<group>"; };
		DA64618D12A33B0B00D93ED7 /* ExpandPadSizeBonus.h */ = {isa = PBXFileReference; fileEncoding = 4; lastKnownFileType = sourcecode.c.h; path = ExpandPadSizeBonus.h; sourceTree = "<group>"; };
		DA64618E12A33B0B00D93ED7 /* ExpandPadSizeBonus.m */ = {isa = PBXFileReference; fileEncoding = 4; lastKnownFileType = sourcecode.c.objc; path = ExpandPadSizeBonus.m; sourceTree = "<group>"; };
		DA64619012A33B2B00D93ED7 /* ShrinkPadSizeBonus.h */ = {isa = PBXFileReference; fileEncoding = 4; lastKnownFileType = sourcecode.c.h; path = ShrinkPadSizeBonus.h; sourceTree = "<group>"; };
		DA64619112A33B2B00D93ED7 /* ShrinkPadSizeBonus.m */ = {isa = PBXFileReference; fileEncoding = 4; lastKnownFileType = sourcecode.c.objc; path = ShrinkPadSizeBonus.m; sourceTree = "<group>"; };
		DA64619312A33B3B00D93ED7 /* PointsBonus.h */ = {isa = PBXFileReference; fileEncoding = 4; lastKnownFileType = sourcecode.c.h; path = PointsBonus.h; sourceTree = "<group>"; };
		DA64619412A33B3B00D93ED7 /* PointsBonus.m */ = {isa = PBXFileReference; fileEncoding = 4; lastKnownFileType = sourcecode.c.objc; path = PointsBonus.m; sourceTree = "<group>"; };
		DA64619612A33B5700D93ED7 /* MultiBallBonus.h */ = {isa = PBXFileReference; fileEncoding = 4; lastKnownFileType = sourcecode.c.h; path = MultiBallBonus.h; sourceTree = "<group>"; };
		DA64619712A33B5700D93ED7 /* MultiBallBonus.m */ = {isa = PBXFileReference; fileEncoding = 4; lastKnownFileType = sourcecode.c.objc; path = MultiBallBonus.m; sourceTree = "<group>"; };
		DA65D00912764CDF0052AF85 /* Bonus.h */ = {isa = PBXFileReference; fileEncoding = 4; lastKnownFileType = sourcecode.c.h; path = Bonus.h; sourceTree = "<group>"; };
		DA65D00A12764CDF0052AF85 /* Bonus.m */ = {isa = PBXFileReference; fileEncoding = 4; lastKnownFileType = sourcecode.c.objc; path = Bonus.m; sourceTree = "<group>"; };
		DA6AB676127F3AE000FC4684 /* GameCore.xcodeproj */ = {isa = PBXFileReference; lastKnownFileType = "wrapper.pb-project"; name = GameCore.xcodeproj; path = ../GameCore/GameCore.xcodeproj; sourceTree = SOURCE_ROOT; };
		DA730C9512AF188A0048188B /* AIPlayer.h */ = {isa = PBXFileReference; fileEncoding = 4; lastKnownFileType = sourcecode.c.h; path = AIPlayer.h; sourceTree = "<group>"; };
		DA730C9612AF188A0048188B /* AIPlayer.m */ = {isa = PBXFileReference; fileEncoding = 4; lastKnownFileType = sourcecode.c.objc; path = AIPlayer.m; sourceTree = "<group>"; };
		DA730C9912AF18F00048188B /* ReflexAgent.h */ = {isa = PBXFileReference; fileEncoding = 4; lastKnownFileType = sourcecode.c.h; path = ReflexAgent.h; sourceTree = "<group>"; };
		DA730C9A12AF18F00048188B /* ReflexAgent.m */ = {isa = PBXFileReference; fileEncoding = 4; lastKnownFileType = sourcecode.c.objc; path = ReflexAgent.m; sourceTree = "<group>"; };
		DA730CA812AF1C6B0048188B /* Bot.h */ = {isa = PBXFileReference; fileEncoding = 4; lastKnownFileType = sourcecode.c.h; path = Bot.h; sourceTree = "<group>"; };
		DA730CA912AF1C6B0048188B /* Bot.m */ = {isa = PBXFileReference; fileEncoding = 4; lastKnownFileType = sourcecode.c.objc; path = Bot.m; sourceTree = "<group>"; };
		DA730CBA12AF1F330048188B /* AIRenderer.h */ = {isa = PBXFileReference; fileEncoding = 4; lastKnownFileType = sourcecode.c.h; path = AIRenderer.h; sourceTree = "<group>"; };
		DA730CBB12AF1F330048188B /* AIRenderer.m */ = {isa = PBXFileReference; fileEncoding = 4; lastKnownFileType = sourcecode.c.objc; path = AIRenderer.m; sourceTree = "<group>"; };
		DA7BEC41129C3B0F0030C09C /* bonus.png */ = {isa = PBXFileReference; lastKnownFileType = image.png; name = bonus.png; path = ../Images/bonus.png; sourceTree = SOURCE_ROOT; };
		DA80C90412752B0000E0BF5A /* MyPong.png */ = {isa = PBXFileReference; lastKnownFileType = image.png; name = MyPong.png; path = ../Images/MyPong.png; sourceTree = SOURCE_ROOT; };
		DA80C90B12752B5400E0BF5A /* Retronator.Pong.h */ = {isa = PBXFileReference; fileEncoding = 4; lastKnownFileType = sourcecode.c.h; path = Retronator.Pong.h; sourceTree = "<group>"; };
		DA80C90C12752B6700E0BF5A /* Retronator.Pong.classes.h */ = {isa = PBXFileReference; fileEncoding = 4; lastKnownFileType = sourcecode.c.h; path = Retronator.Pong.classes.h; sourceTree = "<group>"; };
		DA80C90D12752B7E00E0BF5A /* Pong.h */ = {isa = PBXFileReference; fileEncoding = 4; lastKnownFileType = sourcecode.c.h; path = Pong.h; sourceTree = "<group>"; };
		DA80C90E12752B7E00E0BF5A /* Pong.m */ = {isa = PBXFileReference; fileEncoding = 4; lastKnownFileType = sourcecode.c.objc; path = Pong.m; sourceTree = "<group>"; };
		DA80C91512752BAB00E0BF5A /* Level.h */ = {isa = PBXFileReference; fileEncoding = 4; lastKnownFileType = sourcecode.c.h; path = Level.h; sourceTree = "<group>"; };
		DA80C91612752BAB00E0BF5A /* Level.m */ = {isa = PBXFileReference; fileEncoding = 4; lastKnownFileType = sourcecode.c.objc; path = Level.m; sourceTree = "<group>"; };
		DA80C91B12752BBF00E0BF5A /* PongLevel.h */ = {isa = PBXFileReference; fileEncoding = 4; lastKnownFileType = sourcecode.c.h; path = PongLevel.h; sourceTree = "<group>"; };
		DA80C91C12752BBF00E0BF5A /* PongLevel.m */ = {isa = PBXFileReference; fileEncoding = 4; lastKnownFileType = sourcecode.c.objc; path = PongLevel.m; sourceTree = "<group>"; };
		DA80C91E12752BCA00E0BF5A /* Ball.h */ = {isa = PBXFileReference; fileEncoding = 4; lastKnownFileType = sourcecode.c.h; path = Ball.h; sourceTree = "<group>"; };
		DA80C91F12752BCA00E0BF5A /* Ball.m */ = {isa = PBXFileReference; fileEncoding = 4; lastKnownFileType = sourcecode.c.objc; path = Ball.m; sourceTree = "<group>"; };
		DA80C92112752BD200E0BF5A /* Pad.h */ = {isa = PBXFileReference; fileEncoding = 4; lastKnownFileType = sourcecode.c.h; path = Pad.h; sourceTree = "<group>"; };
		DA80C92212752BD200E0BF5A /* Pad.m */ = {isa = PBXFileReference; fileEncoding = 4; lastKnownFileType = sourcecode.c.objc; path = Pad.m; sourceTree = "<group>"; };
		DA80C92612752C2A00E0BF5A /* Renderer.h */ = {isa = PBXFileReference; fileEncoding = 4; lastKnownFileType = sourcecode.c.h; path = Renderer.h; sourceTree = "<group>"; };
		DA80C92712752C2A00E0BF5A /* Renderer.m */ = {isa = PBXFileReference; fileEncoding = 4; lastKnownFileType = sourcecode.c.objc; path = Renderer.m; sourceTree = "<group>"; };
		DA8EAD58127717090098E373 /* Middle.h */ = {isa = PBXFileReference; fileEncoding = 4; lastKnownFileType = sourcecode.c.h; path = Middle.h; sourceTree = "<group>"; };
		DA8EAD59127717090098E373 /* Middle.m */ = {isa = PBXFileReference; fileEncoding = 4; lastKnownFileType = sourcecode.c.objc; path = Middle.m; sourceTree = "<group>"; };
		DAAFE82612752A1F003CF29B /* OpenGLES.framework */ = {isa = PBXFileReference; lastKnownFileType = wrapper.framework; name = OpenGLES.framework; path = System/Library/Frameworks/OpenGLES.framework; sourceTree = SDKROOT; };
		DAAFE82A12752A26003CF29B /* QuartzCore.framework */ = {isa = PBXFileReference; lastKnownFileType = wrapper.framework; name = QuartzCore.framework; path = System/Library/Frameworks/QuartzCore.framework; sourceTree = SDKROOT; };
		DAB3863E12A4A9AA0098DDCB /* exp.png */ = {isa = PBXFileReference; lastKnownFileType = image.png; name = exp.png; path = ../Images/exp.png; sourceTree = SOURCE_ROOT; };
		DAB3867712A4AC160098DDCB /* Explosion.h */ = {isa = PBXFileReference; fileEncoding = 4; lastKnownFileType = sourcecode.c.h; path = Explosion.h; sourceTree = "<group>"; };
		DAB3867812A4AC160098DDCB /* Explosion.m */ = {isa = PBXFileReference; fileEncoding = 4; lastKnownFileType = sourcecode.c.objc; path = Explosion.m; sourceTree = "<group>"; };
		DAC8DC2B12764F6F00B2E374 /* Bg.h */ = {isa = PBXFileReference; fileEncoding = 4; lastKnownFileType = sourcecode.c.h; path = Bg.h; sourceTree = "<group>"; };
		DAC8DC2C12764F6F00B2E374 /* Bg.m */ = {isa = PBXFileReference; fileEncoding = 4; lastKnownFileType = sourcecode.c.objc; path = Bg.m; sourceTree = "<group>"; };
		DAE2AE1312A06AB40020FBA5 /* PongU8.png */ = {isa = PBXFileReference; lastKnownFileType = image.png; name = PongU8.png; path = ../Images/PongU8.png; sourceTree = SOURCE_ROOT; };
		DAE2AEDF12A07D9C0020FBA5 /* PlayerImg.h */ = {isa = PBXFileReference; fileEncoding = 4; lastKnownFileType = sourcecode.c.h; path = PlayerImg.h; sourceTree = "<group>"; };
		DAE2AEE012A07D9C0020FBA5 /* PlayerImg.m */ = {isa = PBXFileReference; fileEncoding = 4; lastKnownFileType = sourcecode.c.objc; path = PlayerImg.m; sourceTree = "<group>"; };
		DAE2AFD112A08BA20020FBA5 /* CaughtBall.h */ = {isa = PBXFileReference; fileEncoding = 4; lastKnownFileType = sourcecode.c.h; path = CaughtBall.h; sourceTree = "<group>"; };
		DAE2AFD212A08BA20020FBA5 /* CaughtBall.m */ = {isa = PBXFileReference; fileEncoding = 4; lastKnownFileType = sourcecode.c.objc; path = CaughtBall.m; sourceTree = "<group>"; };
/* End PBXFileReference section */

/* Begin PBXFrameworksBuildPhase section */
		1D60588F0D05DD3D006BFB54 /* Frameworks */ = {
			isa = PBXFrameworksBuildPhase;
			buildActionMask = 2147483647;
			files = (
				DA6AB79A127F406B00FC4684 /* libGameCore.a in Frameworks */,
				1D60589F0D05DD5A006BFB54 /* Foundation.framework in Frameworks */,
				1DF5F4E00D08C38300B7A737 /* UIKit.framework in Frameworks */,
				288765FD0DF74451002DB57D /* CoreGraphics.framework in Frameworks */,
				DAAFE82712752A1F003CF29B /* OpenGLES.framework in Frameworks */,
				DAAFE82B12752A26003CF29B /* QuartzCore.framework in Frameworks */,
				DA1E00CA1275548300441AC2 /* libXNI.a in Frameworks */,
			);
			runOnlyForDeploymentPostprocessing = 0;
		};
/* End PBXFrameworksBuildPhase section */

/* Begin PBXGroup section */
		19C28FACFE9D520D11CA2CBB /* Products */ = {
			isa = PBXGroup;
			children = (
				1D6058910D05DD3D006BFB54 /* Pong.app */,
			);
			name = Products;
			sourceTree = "<group>";
		};
		28EEBF621118D79A00187D67 /* Resources */ = {
			isa = PBXGroup;
			children = (
				DAB3863E12A4A9AA0098DDCB /* exp.png */,
				DAE2AE1312A06AB40020FBA5 /* PongU8.png */,
				DA7BEC41129C3B0F0030C09C /* bonus.png */,
				DA80C90412752B0000E0BF5A /* MyPong.png */,
				8D1107310486CEB800E47090 /* Pong-Info.plist */,
			);
			name = Resources;
			sourceTree = "<group>";
		};
		29B97314FDCFA39411CA2CEA /* CustomTemplate */ = {
			isa = PBXGroup;
			children = (
				DA6AB676127F3AE000FC4684 /* GameCore.xcodeproj */,
				DA80C90612752B0400E0BF5A /* Classes */,
				28EEBF621118D79A00187D67 /* Resources */,
				29B97315FDCFA39411CA2CEA /* Other Sources */,
				29B97323FDCFA39411CA2CEA /* Frameworks */,
				19C28FACFE9D520D11CA2CBB /* Products */,
			);
			name = CustomTemplate;
			sourceTree = "<group>";
		};
		29B97315FDCFA39411CA2CEA /* Other Sources */ = {
			isa = PBXGroup;
			children = (
				32CA4F630368D1EE00C91783 /* Pong_Prefix.pch */,
				29B97316FDCFA39411CA2CEA /* main.m */,
			);
			name = "Other Sources";
			sourceTree = "<group>";
		};
		29B97323FDCFA39411CA2CEA /* Frameworks */ = {
			isa = PBXGroup;
			children = (
				DA1E00C91275548300441AC2 /* libXNI.a */,
				1DF5F4DF0D08C38300B7A737 /* UIKit.framework */,
				1D30AB110D05D00D00671497 /* Foundation.framework */,
				288765FC0DF74451002DB57D /* CoreGraphics.framework */,
				DAAFE82612752A1F003CF29B /* OpenGLES.framework */,
				DAAFE82A12752A26003CF29B /* QuartzCore.framework */,
			);
			name = Frameworks;
			sourceTree = "<group>";
		};
		DA1AAB33127F4F7A006E769D /* Players */ = {
			isa = PBXGroup;
			children = (
				DA1AAB35127F4F89006E769D /* AI */,
				DA1AAB36127F4F91006E769D /* Human */,
				DA1AAB37127F4FBA006E769D /* Player.h */,
				DA1AAB38127F4FBA006E769D /* Player.m */,
				DA1AAB66127F56C9006E769D /* PlayerPosition.h */,
			);
			name = Players;
			sourceTree = "<group>";
		};
		DA1AAB35127F4F89006E769D /* AI */ = {
			isa = PBXGroup;
			children = (
				DA730C9512AF188A0048188B /* AIPlayer.h */,
				DA730C9612AF188A0048188B /* AIPlayer.m */,
				DA730C9812AF18C10048188B /* Agents */,
				DA730CA712AF1C4B0048188B /* Opponents */,
			);
			name = AI;
			sourceTree = "<group>";
		};
		DA1AAB36127F4F91006E769D /* Human */ = {
			isa = PBXGroup;
			children = (
				DA1AABEE127F615A006E769D /* HumanPlayer.h */,
				DA1AABEF127F615A006E769D /* HumanPlayer.m */,
			);
			name = Human;
			sourceTree = "<group>";
		};
		DA1AAB6D127F5AEF006E769D /* Physics */ = {
			isa = PBXGroup;
			children = (
				DA1AAB6E127F5AFF006E769D /* PhysicsEngine.h */,
				DA1AAB6F127F5AFF006E769D /* PhysicsEngine.m */,
			);
			name = Physics;
			sourceTree = "<group>";
		};
		DA64618812A3389900D93ED7 /* Bonus */ = {
			isa = PBXGroup;
			children = (
				DA64618D12A33B0B00D93ED7 /* ExpandPadSizeBonus.h */,
				DA64618E12A33B0B00D93ED7 /* ExpandPadSizeBonus.m */,
				DA64619012A33B2B00D93ED7 /* ShrinkPadSizeBonus.h */,
				DA64619112A33B2B00D93ED7 /* ShrinkPadSizeBonus.m */,
				DA64619312A33B3B00D93ED7 /* PointsBonus.h */,
				DA64619412A33B3B00D93ED7 /* PointsBonus.m */,
				DA64619612A33B5700D93ED7 /* MultiBallBonus.h */,
				DA64619712A33B5700D93ED7 /* MultiBallBonus.m */,
			);
			name = Bonus;
			sourceTree = "<group>";
		};
		DA6AB677127F3AE000FC4684 /* Products */ = {
			isa = PBXGroup;
			children = (
				DA6AB67E127F3AE000FC4684 /* libGameCore.a */,
			);
			name = Products;
			sourceTree = "<group>";
		};
		DA730C9812AF18C10048188B /* Agents */ = {
			isa = PBXGroup;
			children = (
				DA730C9912AF18F00048188B /* ReflexAgent.h */,
				DA730C9A12AF18F00048188B /* ReflexAgent.m */,
			);
			name = Agents;
			sourceTree = "<group>";
		};
		DA730CA712AF1C4B0048188B /* Opponents */ = {
			isa = PBXGroup;
			children = (
				DA730CA812AF1C6B0048188B /* Bot.h */,
				DA730CA912AF1C6B0048188B /* Bot.m */,
			);
			name = Opponents;
			sourceTree = "<group>";
		};
		DA80C90612752B0400E0BF5A /* Classes */ = {
			isa = PBXGroup;
			children = (
				DA80C90C12752B6700E0BF5A /* Retronator.Pong.classes.h */,
				DA80C90B12752B5400E0BF5A /* Retronator.Pong.h */,
				DA1AAB6D127F5AEF006E769D /* Physics */,
				DA80C90812752B2300E0BF5A /* Graphics */,
				DA80C90A12752B3500E0BF5A /* Scene */,
				DA1AAB33127F4F7A006E769D /* Players */,
				DA80C90D12752B7E00E0BF5A /* Pong.h */,
				DA80C90E12752B7E00E0BF5A /* Pong.m */,
				DA1AAB08127F4E6E006E769D /* Gameplay.h */,
				DA1AAB09127F4E6E006E769D /* Gameplay.m */,
				C6B7D44B129421F4009A1B4E /* Constants.h */,
				C6B7D44C129421F4009A1B4E /* Constants.m */,
			);
			name = Classes;
			sourceTree = "<group>";
		};
		DA80C90812752B2300E0BF5A /* Graphics */ = {
			isa = PBXGroup;
			children = (
				DA80C92612752C2A00E0BF5A /* Renderer.h */,
				DA80C92712752C2A00E0BF5A /* Renderer.m */,
				DA730CBA12AF1F330048188B /* AIRenderer.h */,
				DA730CBB12AF1F330048188B /* AIRenderer.m */,
			);
			name = Graphics;
			sourceTree = "<group>";
		};
		DA80C90A12752B3500E0BF5A /* Scene */ = {
			isa = PBXGroup;
			children = (
				DA80C91312752B9600E0BF5A /* Objects */,
				DA80C91412752B9E00E0BF5A /* Levels */,
				DA80C91512752BAB00E0BF5A /* Level.h */,
				DA80C91612752BAB00E0BF5A /* Level.m */,
			);
			name = Scene;
			sourceTree = "<group>";
		};
		DA80C91312752B9600E0BF5A /* Objects */ = {
			isa = PBXGroup;
			children = (
				DA6460FC12A326EB00D93ED7 /* LevelLimit.h */,
				DA6460FD12A326EB00D93ED7 /* LevelLimit.m */,
				DA80C91E12752BCA00E0BF5A /* Ball.h */,
				DA80C91F12752BCA00E0BF5A /* Ball.m */,
				DA80C92112752BD200E0BF5A /* Pad.h */,
				DA80C92212752BD200E0BF5A /* Pad.m */,
				DAC8DC2B12764F6F00B2E374 /* Bg.h */,
				DAC8DC2C12764F6F00B2E374 /* Bg.m */,
				DA8EAD58127717090098E373 /* Middle.h */,
				DA8EAD59127717090098E373 /* Middle.m */,
				DAE2AEDF12A07D9C0020FBA5 /* PlayerImg.h */,
				DAE2AEE012A07D9C0020FBA5 /* PlayerImg.m */,
				DAE2AFD112A08BA20020FBA5 /* CaughtBall.h */,
				DAE2AFD212A08BA20020FBA5 /* CaughtBall.m */,
				DAB3867712A4AC160098DDCB /* Explosion.h */,
				DAB3867812A4AC160098DDCB /* Explosion.m */,
				DA64618212A3387000D93ED7 /* BonusFactory.h */,
				DA64618312A3387000D93ED7 /* BonusFactory.m */,
				DA64618512A3388700D93ED7 /* BonusType.h */,
				DA65D00912764CDF0052AF85 /* Bonus.h */,
				DA65D00A12764CDF0052AF85 /* Bonus.m */,
				DA64618812A3389900D93ED7 /* Bonus */,
			);
			name = Objects;
			sourceTree = "<group>";
		};
		DA80C91412752B9E00E0BF5A /* Levels */ = {
			isa = PBXGroup;
			children = (
				DA80C91B12752BBF00E0BF5A /* PongLevel.h */,
				DA80C91C12752BBF00E0BF5A /* PongLevel.m */,
			);
			name = Levels;
			sourceTree = "<group>";
		};
/* End PBXGroup section */

/* Begin PBXNativeTarget section */
		1D6058900D05DD3D006BFB54 /* Pong */ = {
			isa = PBXNativeTarget;
			buildConfigurationList = 1D6058960D05DD3E006BFB54 /* Build configuration list for PBXNativeTarget "Pong" */;
			buildPhases = (
				1D60588D0D05DD3D006BFB54 /* Resources */,
				1D60588E0D05DD3D006BFB54 /* Sources */,
				1D60588F0D05DD3D006BFB54 /* Frameworks */,
			);
			buildRules = (
			);
			dependencies = (
				DA6AB79D127F40EB00FC4684 /* PBXTargetDependency */,
			);
			name = Pong;
			productName = Pong;
			productReference = 1D6058910D05DD3D006BFB54 /* Pong.app */;
			productType = "com.apple.product-type.application";
		};
/* End PBXNativeTarget section */

/* Begin PBXProject section */
		29B97313FDCFA39411CA2CEA /* Project object */ = {
			isa = PBXProject;
			attributes = {
				ORGANIZATIONNAME = "Pathon Project";
			};
			buildConfigurationList = C01FCF4E08A954540054247B /* Build configuration list for PBXProject "Pong" */;
			compatibilityVersion = "Xcode 3.1";
			developmentRegion = English;
			hasScannedForEncodings = 1;
			knownRegions = (
				English,
				Japanese,
				French,
				German,
			);
			mainGroup = 29B97314FDCFA39411CA2CEA /* CustomTemplate */;
			projectDirPath = "";
			projectReferences = (
				{
					ProductGroup = DA6AB677127F3AE000FC4684 /* Products */;
					ProjectRef = DA6AB676127F3AE000FC4684 /* GameCore.xcodeproj */;
				},
			);
			projectRoot = "";
			targets = (
				1D6058900D05DD3D006BFB54 /* Pong */,
			);
		};
/* End PBXProject section */

/* Begin PBXReferenceProxy section */
		DA6AB67E127F3AE000FC4684 /* libGameCore.a */ = {
			isa = PBXReferenceProxy;
			fileType = archive.ar;
			path = libGameCore.a;
			remoteRef = DA6AB67D127F3AE000FC4684 /* PBXContainerItemProxy */;
			sourceTree = BUILT_PRODUCTS_DIR;
		};
/* End PBXReferenceProxy section */

/* Begin PBXResourcesBuildPhase section */
		1D60588D0D05DD3D006BFB54 /* Resources */ = {
			isa = PBXResourcesBuildPhase;
			buildActionMask = 2147483647;
			files = (
				DA80C90512752B0000E0BF5A /* MyPong.png in Resources */,
				DA7BEC42129C3B0F0030C09C /* bonus.png in Resources */,
				DAE2AE1412A06AB40020FBA5 /* PongU8.png in Resources */,
				DAB3863F12A4A9AA0098DDCB /* exp.png in Resources */,
			);
			runOnlyForDeploymentPostprocessing = 0;
		};
/* End PBXResourcesBuildPhase section */

/* Begin PBXSourcesBuildPhase section */
		1D60588E0D05DD3D006BFB54 /* Sources */ = {
			isa = PBXSourcesBuildPhase;
			buildActionMask = 2147483647;
			files = (
				DA82C672128A0FC900026869 /* HumanPlayer.m in Sources */,
				1D60589B0D05DD56006BFB54 /* main.m in Sources */,
				DA80C90F12752B7E00E0BF5A /* Pong.m in Sources */,
				DA80C91712752BAB00E0BF5A /* Level.m in Sources */,
				DA80C91D12752BBF00E0BF5A /* PongLevel.m in Sources */,
				DA80C92012752BCA00E0BF5A /* Ball.m in Sources */,
				DA80C92312752BD200E0BF5A /* Pad.m in Sources */,
				DA80C92812752C2A00E0BF5A /* Renderer.m in Sources */,
				DA65D00B12764CDF0052AF85 /* Bonus.m in Sources */,
				DAC8DC2D12764F6F00B2E374 /* Bg.m in Sources */,
				DA8EAD5A127717090098E373 /* Middle.m in Sources */,
				DA1AAB0A127F4E6E006E769D /* Gameplay.m in Sources */,
				DA1AAB39127F4FBA006E769D /* Player.m in Sources */,
				DA1AAB70127F5AFF006E769D /* PhysicsEngine.m in Sources */,
				C6B7D44D129421F4009A1B4E /* Constants.m in Sources */,
				DAE2AEE112A07D9C0020FBA5 /* PlayerImg.m in Sources */,
				DAE2AFD312A08BA20020FBA5 /* CaughtBall.m in Sources */,
				DA6460FE12A326EB00D93ED7 /* LevelLimit.m in Sources */,
				DA64618412A3387000D93ED7 /* BonusFactory.m in Sources */,
				DA64618F12A33B0B00D93ED7 /* ExpandPadSizeBonus.m in Sources */,
				DA64619212A33B2B00D93ED7 /* ShrinkPadSizeBonus.m in Sources */,
				DA64619512A33B3B00D93ED7 /* PointsBonus.m in Sources */,
				DA64619812A33B5700D93ED7 /* MultiBallBonus.m in Sources */,
				DAB3867912A4AC160098DDCB /* Explosion.m in Sources */,
				DA730C9712AF188A0048188B /* AIPlayer.m in Sources */,
				DA730C9B12AF18F00048188B /* ReflexAgent.m in Sources */,
				DA730CAA12AF1C6B0048188B /* Bot.m in Sources */,
				DA730CBC12AF1F330048188B /* AIRenderer.m in Sources */,
			);
			runOnlyForDeploymentPostprocessing = 0;
		};
/* End PBXSourcesBuildPhase section */

/* Begin PBXTargetDependency section */
		DA6AB79D127F40EB00FC4684 /* PBXTargetDependency */ = {
			isa = PBXTargetDependency;
			name = GameCore;
			targetProxy = DA6AB79C127F40EB00FC4684 /* PBXContainerItemProxy */;
		};
/* End PBXTargetDependency section */

/* Begin XCBuildConfiguration section */
		1D6058940D05DD3E006BFB54 /* Debug */ = {
			isa = XCBuildConfiguration;
			buildSettings = {
				ALWAYS_SEARCH_USER_PATHS = NO;
				COPY_PHASE_STRIP = NO;
				GCC_DYNAMIC_NO_PIC = NO;
				GCC_OPTIMIZATION_LEVEL = 0;
				GCC_PRECOMPILE_PREFIX_HEADER = YES;
				GCC_PREFIX_HEADER = Pong_Prefix.pch;
				INFOPLIST_FILE = "Pong-Info.plist";
				LIBRARY_SEARCH_PATHS = (
					"$(inherited)",
					"\"$(SRCROOT)/../ XNI\"",
					"\"$(SRCROOT)/../XNI\"",
				);
				OTHER_LDFLAGS = "-all_load";
				PRODUCT_NAME = Pong;
			};
			name = Debug;
		};
		1D6058950D05DD3E006BFB54 /* Release */ = {
			isa = XCBuildConfiguration;
			buildSettings = {
				ALWAYS_SEARCH_USER_PATHS = NO;
				COPY_PHASE_STRIP = YES;
				GCC_PRECOMPILE_PREFIX_HEADER = YES;
				GCC_PREFIX_HEADER = Pong_Prefix.pch;
				INFOPLIST_FILE = "Pong-Info.plist";
				LIBRARY_SEARCH_PATHS = (
					"$(inherited)",
					"\"$(SRCROOT)/../ XNI\"",
					"\"$(SRCROOT)/../XNI\"",
				);
				PRODUCT_NAME = Pong;
				VALIDATE_PRODUCT = YES;
			};
			name = Release;
		};
		C01FCF4F08A954540054247B /* Debug */ = {
			isa = XCBuildConfiguration;
			buildSettings = {
				ARCHS = "$(ARCHS_STANDARD_32_BIT)";
				"CODE_SIGN_IDENTITY[sdk=iphoneos*]" = "iPhone Developer";
				GCC_C_LANGUAGE_STANDARD = c99;
				GCC_WARN_ABOUT_RETURN_TYPE = YES;
				GCC_WARN_UNUSED_VARIABLE = YES;
				IPHONEOS_DEPLOYMENT_TARGET = 3.2;
				OTHER_LDFLAGS = "-all_load";
				PREBINDING = NO;
				SDKROOT = iphoneos4.1;
				TARGETED_DEVICE_FAMILY = "1,2";
				USER_HEADER_SEARCH_PATHS = "${PROJECT_DIR}/../GameCore/ ${PROJECT_DIR}/../XNI/usr/local/include";
			};
			name = Debug;
		};
		C01FCF5008A954540054247B /* Release */ = {
			isa = XCBuildConfiguration;
			buildSettings = {
				ARCHS = "$(ARCHS_STANDARD_32_BIT)";
				"CODE_SIGN_IDENTITY[sdk=iphoneos*]" = "iPhone Developer";
				GCC_C_LANGUAGE_STANDARD = c99;
				GCC_WARN_ABOUT_RETURN_TYPE = YES;
				GCC_WARN_UNUSED_VARIABLE = YES;
				IPHONEOS_DEPLOYMENT_TARGET = 3.2;
				OTHER_CFLAGS = "-DNS_BLOCK_ASSERTIONS=1";
				PREBINDING = NO;
				SDKROOT = iphoneos4.1;
				TARGETED_DEVICE_FAMILY = "1,2";
				USER_HEADER_SEARCH_PATHS = "${PROJECT_DIR}/../GameCore/ ${PROJECT_DIR}/../XNI/usr/local/include";
			};
			name = Release;
		};
/* End XCBuildConfiguration section */

/* Begin XCConfigurationList section */
		1D6058960D05DD3E006BFB54 /* Build configuration list for PBXNativeTarget "Pong" */ = {
			isa = XCConfigurationList;
			buildConfigurations = (
				1D6058940D05DD3E006BFB54 /* Debug */,
				1D6058950D05DD3E006BFB54 /* Release */,
			);
			defaultConfigurationIsVisible = 0;
			defaultConfigurationName = Release;
		};
		C01FCF4E08A954540054247B /* Build configuration list for PBXProject "Pong" */ = {
			isa = XCConfigurationList;
			buildConfigurations = (
				C01FCF4F08A954540054247B /* Debug */,
				C01FCF5008A954540054247B /* Release */,
			);
			defaultConfigurationIsVisible = 0;
			defaultConfigurationName = Release;
		};
/* End XCConfigurationList section */
	};
	rootObject = 29B97313FDCFA39411CA2CEA /* Project object */;
}
